# This file is automatically @generated by Poetry 1.7.1 and should not be changed by hand.

[[package]]
name = "antlr4-python3-runtime"
version = "4.13.1"
description = "ANTLR 4.13.1 runtime for Python 3"
optional = false
python-versions = "*"
files = [
    {file = "antlr4-python3-runtime-4.13.1.tar.gz", hash = "sha256:3cd282f5ea7cfb841537fe01f143350fdb1c0b1ce7981443a2fa8513fddb6d1a"},
    {file = "antlr4_python3_runtime-4.13.1-py3-none-any.whl", hash = "sha256:78ec57aad12c97ac039ca27403ad61cb98aaec8a3f9bb8144f889aa0fa28b943"},
]

[[package]]
name = "dill"
version = "0.3.8"
description = "serialize all of Python"
optional = false
python-versions = ">=3.8"
files = [
    {file = "dill-0.3.8-py3-none-any.whl", hash = "sha256:c36ca9ffb54365bdd2f8eb3eff7d2a21237f8452b57ace88b1ac615b7e815bd7"},
    {file = "dill-0.3.8.tar.gz", hash = "sha256:3ebe3c479ad625c4553aca177444d89b486b1d84982eeacded644afc0cf797ca"},
]

[package.extras]
graph = ["objgraph (>=1.7.2)"]
profile = ["gprof2dot (>=2022.7.29)"]

[[package]]
name = "mpmath"
version = "1.3.0"
description = "Python library for arbitrary-precision floating-point arithmetic"
optional = false
python-versions = "*"
files = [
    {file = "mpmath-1.3.0-py3-none-any.whl", hash = "sha256:a0b2b9fe80bbcd81a6647ff13108738cfb482d481d826cc0e02f5b35e5c88d2c"},
    {file = "mpmath-1.3.0.tar.gz", hash = "sha256:7a28eb2a9774d00c7bc92411c19a89209d5da7c4c9a9e227be8330a23a25b91f"},
]

[package.extras]
develop = ["codecov", "pycodestyle", "pytest (>=4.6)", "pytest-cov", "wheel"]
docs = ["sphinx"]
gmpy = ["gmpy2 (>=2.1.0a4)"]
tests = ["pytest (>=4.6)"]

[[package]]
name = "mqt-qcec"
version = "2.5.0"
description = "A tool for Quantum Circuit Equivalence Checking"
optional = false
python-versions = ">=3.8"
files = [
    {file = "mqt_qcec-2.5.0-cp310-cp310-macosx_10_15_x86_64.whl", hash = "sha256:0ccd7cf42048413608cc1c0dc7a34ee9439072fbc9445d6a2b1e8ae02c1caa8d"},
    {file = "mqt_qcec-2.5.0-cp310-cp310-macosx_11_0_arm64.whl", hash = "sha256:4686b9d85826585d300c3540906c8305baa503cea18197339091bade80bb724c"},
    {file = "mqt_qcec-2.5.0-cp310-cp310-manylinux_2_17_aarch64.manylinux2014_aarch64.whl", hash = "sha256:adab246feefabfaf33b26436c68d19db9ca08d51e82544362725d4a980028730"},
    {file = "mqt_qcec-2.5.0-cp310-cp310-manylinux_2_17_ppc64le.manylinux2014_ppc64le.whl", hash = "sha256:817255d98505172aa75ed586d70cd0ea9a5f05adb08874574a2c8ff3725df8ff"},
    {file = "mqt_qcec-2.5.0-cp310-cp310-manylinux_2_17_s390x.manylinux2014_s390x.whl", hash = "sha256:a8e84e871f885ec66064757edb33db7b311ab2760e063e13a179c899bd962dd4"},
    {file = "mqt_qcec-2.5.0-cp310-cp310-manylinux_2_17_x86_64.manylinux2014_x86_64.whl", hash = "sha256:c5703a58bf74ce946d4907d5daece2cf05d841e3c4287dfdd6e05e90c4d7cfc4"},
    {file = "mqt_qcec-2.5.0-cp310-cp310-win_amd64.whl", hash = "sha256:3d91b2adaf5bc4273c1c067cb321ebb626a9a1d2f805f1e370935b0d38c2c6a6"},
    {file = "mqt_qcec-2.5.0-cp311-cp311-macosx_10_15_x86_64.whl", hash = "sha256:60f88fe790fc9e823f736e7283a941a66a4207fbbddd8ebbfbcbc1e5a1cd17e1"},
    {file = "mqt_qcec-2.5.0-cp311-cp311-macosx_11_0_arm64.whl", hash = "sha256:7001f7b71a53fc29df36478c8fa2d50337b38a42bb584e6f77ef5b973df30437"},
    {file = "mqt_qcec-2.5.0-cp311-cp311-manylinux_2_17_aarch64.manylinux2014_aarch64.whl", hash = "sha256:09224389ed7799b5100404c1b04544c66db999f2b17eb8759b9651cf14f41ecf"},
    {file = "mqt_qcec-2.5.0-cp311-cp311-manylinux_2_17_ppc64le.manylinux2014_ppc64le.whl", hash = "sha256:6c429b08bd507b9c9d096900c0c5c7f01bd1ac4383f0fc264e9b59e1926abfe3"},
    {file = "mqt_qcec-2.5.0-cp311-cp311-manylinux_2_17_s390x.manylinux2014_s390x.whl", hash = "sha256:462383ae7ad2aaf445b34e76271dee48f363df4ddeabb6892af891a2a400b6b4"},
    {file = "mqt_qcec-2.5.0-cp311-cp311-manylinux_2_17_x86_64.manylinux2014_x86_64.whl", hash = "sha256:03281bf0bcb048539580d98262d8cce5092f5981393a7de859cf94522c854a59"},
    {file = "mqt_qcec-2.5.0-cp311-cp311-win_amd64.whl", hash = "sha256:3156cdd71cfcfe1a3c7dcc24f1ed6b2aff34195e28167974450122ebb6fa9f5e"},
    {file = "mqt_qcec-2.5.0-cp312-cp312-macosx_10_15_x86_64.whl", hash = "sha256:2ec19f99ab0fd30f966b75bc1f49d159b6b05138739dc81e6fcb51f2352b9974"},
    {file = "mqt_qcec-2.5.0-cp312-cp312-macosx_11_0_arm64.whl", hash = "sha256:8fb425e2d651d7e0fd119215ff3a9f9441578df50acc1dd62a6fde4454d88d94"},
    {file = "mqt_qcec-2.5.0-cp312-cp312-manylinux_2_17_aarch64.manylinux2014_aarch64.whl", hash = "sha256:e380451957d70ed85955b16d72ef7f91a65d3bc8e678d0bb060384bb962eb803"},
    {file = "mqt_qcec-2.5.0-cp312-cp312-manylinux_2_17_ppc64le.manylinux2014_ppc64le.whl", hash = "sha256:aa50adfa97c22f823f0d3ee9e14581e6f5a886647272d26610def9e12fed0742"},
    {file = "mqt_qcec-2.5.0-cp312-cp312-manylinux_2_17_s390x.manylinux2014_s390x.whl", hash = "sha256:8709081fa79abcc337e6345c5affdfbd6e4f85896248c748c3b4856ad810adbe"},
    {file = "mqt_qcec-2.5.0-cp312-cp312-manylinux_2_17_x86_64.manylinux2014_x86_64.whl", hash = "sha256:d843e931720691223a4e2a1b7adf61889c4511568bf725b46c84596064e94300"},
    {file = "mqt_qcec-2.5.0-cp312-cp312-win_amd64.whl", hash = "sha256:35a60d45cd147e55abe8957d2d4cf1ec762fcc1b7f006f673f336280c747f876"},
    {file = "mqt_qcec-2.5.0-cp38-cp38-macosx_10_15_x86_64.whl", hash = "sha256:e4bfcb4850fa163d185320e400039000c5544278d2f36479a1b0d207408cf9c1"},
    {file = "mqt_qcec-2.5.0-cp38-cp38-macosx_11_0_arm64.whl", hash = "sha256:a199f31c877f89b58540f948ddf6e80bd34b8654621df655312c878396023156"},
    {file = "mqt_qcec-2.5.0-cp38-cp38-manylinux_2_17_aarch64.manylinux2014_aarch64.whl", hash = "sha256:b234412c57cbeb9500d134ac85af73986e2d5f422c7444af86ff2acfd9e09d09"},
    {file = "mqt_qcec-2.5.0-cp38-cp38-manylinux_2_17_ppc64le.manylinux2014_ppc64le.whl", hash = "sha256:41e8c8b4daf9245180040fff7e283aef340a6caab0bf28cb1c69231deee6c207"},
    {file = "mqt_qcec-2.5.0-cp38-cp38-manylinux_2_17_s390x.manylinux2014_s390x.whl", hash = "sha256:0683f6d9bb6a8540293c74efb2a4f3d4b5d17089b7d07c9f9f61983079b0e875"},
    {file = "mqt_qcec-2.5.0-cp38-cp38-manylinux_2_17_x86_64.manylinux2014_x86_64.whl", hash = "sha256:f38de92801581e58284b742e26df8886efe5f165b2f914f018ff9b0961bb2e66"},
    {file = "mqt_qcec-2.5.0-cp38-cp38-win_amd64.whl", hash = "sha256:e04b94dd4d45837248987aeae8a5406c0ff002a1921afe70f6bec89b56c17e03"},
    {file = "mqt_qcec-2.5.0-cp39-cp39-macosx_10_15_x86_64.whl", hash = "sha256:be6515d98af2d5a7349007613b39a2d06fa8be958f5d185f423aaeb354a31f16"},
    {file = "mqt_qcec-2.5.0-cp39-cp39-macosx_11_0_arm64.whl", hash = "sha256:af6e2534ee7337746ab7770f52f3b02c758cca66f9d7d57559443c771b51ff09"},
    {file = "mqt_qcec-2.5.0-cp39-cp39-manylinux_2_17_aarch64.manylinux2014_aarch64.whl", hash = "sha256:77a9328b6ea6142a0f22b26becb1dbb3c497591438fbdaddcae53965cb7791c0"},
    {file = "mqt_qcec-2.5.0-cp39-cp39-manylinux_2_17_ppc64le.manylinux2014_ppc64le.whl", hash = "sha256:d196ce56afd3a535439dc5be7bca733e884cef1ac04ea7d8372184bdd12aca0c"},
    {file = "mqt_qcec-2.5.0-cp39-cp39-manylinux_2_17_s390x.manylinux2014_s390x.whl", hash = "sha256:b4d91fbd3dc3dcedfc261ca96d69bf558279ca6a7b6938e0cef61173a26b4c31"},
    {file = "mqt_qcec-2.5.0-cp39-cp39-manylinux_2_17_x86_64.manylinux2014_x86_64.whl", hash = "sha256:8d57133eb7454446c27f83c28be8b8d9b0d138dc10e263cc117b75d264811295"},
    {file = "mqt_qcec-2.5.0-cp39-cp39-win_amd64.whl", hash = "sha256:155e58cecb683e415812f8138cc2af647c020c39ec838160ac93c78207ac66df"},
    {file = "mqt_qcec-2.5.0.tar.gz", hash = "sha256:81fde108c9cc1cfd0f9d1d6e0546e262ea460aa72d0d270182aa7325cf9dc39e"},
]

[package.dependencies]
qiskit = {version = ">=1.0.0", extras = ["qasm3-import"]}
typing_extensions = ">=4.2"

[package.extras]
coverage = ["mqt.qcec[test]", "pytest-cov"]
dev = ["mqt.qcec[coverage,docs]"]
docs = ["furo (>=2023.08.17)", "ipykernel", "ipython", "nbsphinx", "pybtex (>=0.24)", "qiskit[visualization]", "setuptools-scm (>=7)", "sphinx (>=7.0,<8.0)", "sphinx-autodoc-typehints", "sphinx-copybutton", "sphinx-hoverxref", "sphinxcontrib-bibtex (>=2.4.2)", "sphinxext-opengraph"]
test = ["pytest (>=7.0)"]

[[package]]
name = "numpy"
version = "1.26.4"
description = "Fundamental package for array computing in Python"
optional = false
python-versions = ">=3.9"
files = [
    {file = "numpy-1.26.4-cp310-cp310-macosx_10_9_x86_64.whl", hash = "sha256:9ff0f4f29c51e2803569d7a51c2304de5554655a60c5d776e35b4a41413830d0"},
    {file = "numpy-1.26.4-cp310-cp310-macosx_11_0_arm64.whl", hash = "sha256:2e4ee3380d6de9c9ec04745830fd9e2eccb3e6cf790d39d7b98ffd19b0dd754a"},
    {file = "numpy-1.26.4-cp310-cp310-manylinux_2_17_aarch64.manylinux2014_aarch64.whl", hash = "sha256:d209d8969599b27ad20994c8e41936ee0964e6da07478d6c35016bc386b66ad4"},
    {file = "numpy-1.26.4-cp310-cp310-manylinux_2_17_x86_64.manylinux2014_x86_64.whl", hash = "sha256:ffa75af20b44f8dba823498024771d5ac50620e6915abac414251bd971b4529f"},
    {file = "numpy-1.26.4-cp310-cp310-musllinux_1_1_aarch64.whl", hash = "sha256:62b8e4b1e28009ef2846b4c7852046736bab361f7aeadeb6a5b89ebec3c7055a"},
    {file = "numpy-1.26.4-cp310-cp310-musllinux_1_1_x86_64.whl", hash = "sha256:a4abb4f9001ad2858e7ac189089c42178fcce737e4169dc61321660f1a96c7d2"},
    {file = "numpy-1.26.4-cp310-cp310-win32.whl", hash = "sha256:bfe25acf8b437eb2a8b2d49d443800a5f18508cd811fea3181723922a8a82b07"},
    {file = "numpy-1.26.4-cp310-cp310-win_amd64.whl", hash = "sha256:b97fe8060236edf3662adfc2c633f56a08ae30560c56310562cb4f95500022d5"},
    {file = "numpy-1.26.4-cp311-cp311-macosx_10_9_x86_64.whl", hash = "sha256:4c66707fabe114439db9068ee468c26bbdf909cac0fb58686a42a24de1760c71"},
    {file = "numpy-1.26.4-cp311-cp311-macosx_11_0_arm64.whl", hash = "sha256:edd8b5fe47dab091176d21bb6de568acdd906d1887a4584a15a9a96a1dca06ef"},
    {file = "numpy-1.26.4-cp311-cp311-manylinux_2_17_aarch64.manylinux2014_aarch64.whl", hash = "sha256:7ab55401287bfec946ced39700c053796e7cc0e3acbef09993a9ad2adba6ca6e"},
    {file = "numpy-1.26.4-cp311-cp311-manylinux_2_17_x86_64.manylinux2014_x86_64.whl", hash = "sha256:666dbfb6ec68962c033a450943ded891bed2d54e6755e35e5835d63f4f6931d5"},
    {file = "numpy-1.26.4-cp311-cp311-musllinux_1_1_aarch64.whl", hash = "sha256:96ff0b2ad353d8f990b63294c8986f1ec3cb19d749234014f4e7eb0112ceba5a"},
    {file = "numpy-1.26.4-cp311-cp311-musllinux_1_1_x86_64.whl", hash = "sha256:60dedbb91afcbfdc9bc0b1f3f402804070deed7392c23eb7a7f07fa857868e8a"},
    {file = "numpy-1.26.4-cp311-cp311-win32.whl", hash = "sha256:1af303d6b2210eb850fcf03064d364652b7120803a0b872f5211f5234b399f20"},
    {file = "numpy-1.26.4-cp311-cp311-win_amd64.whl", hash = "sha256:cd25bcecc4974d09257ffcd1f098ee778f7834c3ad767fe5db785be9a4aa9cb2"},
    {file = "numpy-1.26.4-cp312-cp312-macosx_10_9_x86_64.whl", hash = "sha256:b3ce300f3644fb06443ee2222c2201dd3a89ea6040541412b8fa189341847218"},
    {file = "numpy-1.26.4-cp312-cp312-macosx_11_0_arm64.whl", hash = "sha256:03a8c78d01d9781b28a6989f6fa1bb2c4f2d51201cf99d3dd875df6fbd96b23b"},
    {file = "numpy-1.26.4-cp312-cp312-manylinux_2_17_aarch64.manylinux2014_aarch64.whl", hash = "sha256:9fad7dcb1aac3c7f0584a5a8133e3a43eeb2fe127f47e3632d43d677c66c102b"},
    {file = "numpy-1.26.4-cp312-cp312-manylinux_2_17_x86_64.manylinux2014_x86_64.whl", hash = "sha256:675d61ffbfa78604709862923189bad94014bef562cc35cf61d3a07bba02a7ed"},
    {file = "numpy-1.26.4-cp312-cp312-musllinux_1_1_aarch64.whl", hash = "sha256:ab47dbe5cc8210f55aa58e4805fe224dac469cde56b9f731a4c098b91917159a"},
    {file = "numpy-1.26.4-cp312-cp312-musllinux_1_1_x86_64.whl", hash = "sha256:1dda2e7b4ec9dd512f84935c5f126c8bd8b9f2fc001e9f54af255e8c5f16b0e0"},
    {file = "numpy-1.26.4-cp312-cp312-win32.whl", hash = "sha256:50193e430acfc1346175fcbdaa28ffec49947a06918b7b92130744e81e640110"},
    {file = "numpy-1.26.4-cp312-cp312-win_amd64.whl", hash = "sha256:08beddf13648eb95f8d867350f6a018a4be2e5ad54c8d8caed89ebca558b2818"},
    {file = "numpy-1.26.4-cp39-cp39-macosx_10_9_x86_64.whl", hash = "sha256:7349ab0fa0c429c82442a27a9673fc802ffdb7c7775fad780226cb234965e53c"},
    {file = "numpy-1.26.4-cp39-cp39-macosx_11_0_arm64.whl", hash = "sha256:52b8b60467cd7dd1e9ed082188b4e6bb35aa5cdd01777621a1658910745b90be"},
    {file = "numpy-1.26.4-cp39-cp39-manylinux_2_17_aarch64.manylinux2014_aarch64.whl", hash = "sha256:d5241e0a80d808d70546c697135da2c613f30e28251ff8307eb72ba696945764"},
    {file = "numpy-1.26.4-cp39-cp39-manylinux_2_17_x86_64.manylinux2014_x86_64.whl", hash = "sha256:f870204a840a60da0b12273ef34f7051e98c3b5961b61b0c2c1be6dfd64fbcd3"},
    {file = "numpy-1.26.4-cp39-cp39-musllinux_1_1_aarch64.whl", hash = "sha256:679b0076f67ecc0138fd2ede3a8fd196dddc2ad3254069bcb9faf9a79b1cebcd"},
    {file = "numpy-1.26.4-cp39-cp39-musllinux_1_1_x86_64.whl", hash = "sha256:47711010ad8555514b434df65f7d7b076bb8261df1ca9bb78f53d3b2db02e95c"},
    {file = "numpy-1.26.4-cp39-cp39-win32.whl", hash = "sha256:a354325ee03388678242a4d7ebcd08b5c727033fcff3b2f536aea978e15ee9e6"},
    {file = "numpy-1.26.4-cp39-cp39-win_amd64.whl", hash = "sha256:3373d5d70a5fe74a2c1bb6d2cfd9609ecf686d47a2d7b1d37a8f3b6bf6003aea"},
    {file = "numpy-1.26.4-pp39-pypy39_pp73-macosx_10_9_x86_64.whl", hash = "sha256:afedb719a9dcfc7eaf2287b839d8198e06dcd4cb5d276a3df279231138e83d30"},
    {file = "numpy-1.26.4-pp39-pypy39_pp73-manylinux_2_17_x86_64.manylinux2014_x86_64.whl", hash = "sha256:95a7476c59002f2f6c590b9b7b998306fba6a5aa646b1e22ddfeaf8f78c3a29c"},
    {file = "numpy-1.26.4-pp39-pypy39_pp73-win_amd64.whl", hash = "sha256:7e50d0a0cc3189f9cb0aeb3a6a6af18c16f59f004b866cd2be1c14b36134a4a0"},
    {file = "numpy-1.26.4.tar.gz", hash = "sha256:2a02aba9ed12e4ac4eb3ea9421c420301a0c6460d9830d74a9df87efa4912010"},
]

[[package]]
name = "openqasm3"
version = "0.5.0"
description = "Reference OpenQASM AST in Python"
optional = false
python-versions = "*"
files = [
    {file = "openqasm3-0.5.0-py3-none-any.whl", hash = "sha256:40991ac057b9e3c208d1b34242b0aad8a3b9840df0335a652b1e4e4248937b1c"},
    {file = "openqasm3-0.5.0.tar.gz", hash = "sha256:bf8bf4ed098393447e552eaea18b0a34a2429d228477683d6b579348bc17bfc8"},
]

[package.dependencies]
antlr4-python3-runtime = {version = ">=4.7,<4.14", optional = true, markers = "extra == \"parser\""}

[package.extras]
all = ["antlr4-python3-runtime (>=4.7,<4.14)", "importlib-metadata", "pytest (>=6.0)", "pyyaml"]
parser = ["antlr4-python3-runtime (>=4.7,<4.14)", "importlib-metadata"]
tests = ["pytest (>=6.0)", "pyyaml"]

[[package]]
name = "pbr"
version = "6.0.0"
description = "Python Build Reasonableness"
optional = false
python-versions = ">=2.6"
files = [
    {file = "pbr-6.0.0-py2.py3-none-any.whl", hash = "sha256:4a7317d5e3b17a3dccb6a8cfe67dab65b20551404c52c8ed41279fa4f0cb4cda"},
    {file = "pbr-6.0.0.tar.gz", hash = "sha256:d1377122a5a00e2f940ee482999518efe16d745d423a670c27773dfbc3c9a7d9"},
]

[[package]]
name = "python-dateutil"
version = "2.8.2"
description = "Extensions to the standard Python datetime module"
optional = false
python-versions = "!=3.0.*,!=3.1.*,!=3.2.*,>=2.7"
files = [
    {file = "python-dateutil-2.8.2.tar.gz", hash = "sha256:0123cacc1627ae19ddf3c27a5de5bd67ee4586fbdd6440d9748f8abb483d3e86"},
    {file = "python_dateutil-2.8.2-py2.py3-none-any.whl", hash = "sha256:961d03dc3453ebbc59dbdea9e4e11c5651520a876d0f4db161e8674aae935da9"},
]

[package.dependencies]
six = ">=1.5"

[[package]]
name = "qiskit"
version = "1.0.1"
description = "An open-source SDK for working with quantum computers at the level of extended quantum circuits, operators, and primitives."
optional = false
python-versions = ">=3.8"
files = [
    {file = "qiskit-1.0.1-cp38-abi3-macosx_10_9_universal2.whl", hash = "sha256:1cfdec75cbef97d064b619d74c2d1b3c39645f3d5956d7f6889e27e621a9ea95"},
    {file = "qiskit-1.0.1-cp38-abi3-macosx_10_9_x86_64.whl", hash = "sha256:04b58f3aa9b76b572efc6416aca4de6d737907738cb7bd02f90aa0ca7c992f1d"},
    {file = "qiskit-1.0.1-cp38-abi3-macosx_11_0_arm64.whl", hash = "sha256:d09def183c8a25cec00cf11c41889818d084a6df94d183c1d5268ba9e966aa83"},
    {file = "qiskit-1.0.1-cp38-abi3-manylinux_2_17_aarch64.manylinux2014_aarch64.whl", hash = "sha256:317f34e2a33192d299a16aea06c81c7b8f6070efe49b36f0c143285ff98fd069"},
    {file = "qiskit-1.0.1-cp38-abi3-manylinux_2_17_i686.manylinux2014_i686.whl", hash = "sha256:a6bd328b504691d32220c177484a17e0f49b285d893e36a028456073d2b4b10a"},
    {file = "qiskit-1.0.1-cp38-abi3-manylinux_2_17_ppc64le.manylinux2014_ppc64le.whl", hash = "sha256:d989899c5bd3a74c984d5e8b2c43b8b31f945906c02274edc94f2eb33a115e40"},
    {file = "qiskit-1.0.1-cp38-abi3-manylinux_2_17_s390x.manylinux2014_s390x.whl", hash = "sha256:93973df6a9e89ee2aabbea0d9cc6962752245dae0f2a04a8a60c92427ae2dd5d"},
    {file = "qiskit-1.0.1-cp38-abi3-manylinux_2_17_x86_64.manylinux2014_x86_64.whl", hash = "sha256:490e8e46e37a452a6a3ffca942191676d78329a44c9cf8a18308e16c51c5d7ad"},
    {file = "qiskit-1.0.1-cp38-abi3-win32.whl", hash = "sha256:dd812ddd32374b1de80530156ce72a78556e72d7b1772c6e1037497b31e06487"},
    {file = "qiskit-1.0.1-cp38-abi3-win_amd64.whl", hash = "sha256:c78c6dc45f5dfd9596ff44f2f106db7e2bdd3c220cbcd4117e2c6edee99346b5"},
    {file = "qiskit-1.0.1.tar.gz", hash = "sha256:c549383fc057c11eb1dcf89949fe751800797d149ef0115c40e406d9718d9d31"},
]

[package.dependencies]
dill = ">=0.3"
numpy = ">=1.17,<2"
python-dateutil = ">=2.8.0"
qiskit-qasm3-import = {version = ">=0.1.0", optional = true, markers = "extra == \"qasm3-import\""}
rustworkx = ">=0.14.0"
scipy = ">=1.5"
stevedore = ">=3.0.0"
symengine = ">=0.11"
sympy = ">=1.3"
typing-extensions = "*"

[package.extras]
all = ["qiskit[crosstalk-pass,csp-layout-pass,qasm3-import,visualization]"]
crosstalk-pass = ["z3-solver (>=4.7)"]
csp-layout-pass = ["python-constraint (>=1.4)"]
qasm3-import = ["qiskit-qasm3-import (>=0.1.0)"]
visualization = ["Pillow (>=4.2.1)", "matplotlib (>=3.3)", "pydot", "pylatexenc (>=1.4)", "seaborn (>=0.9.0)"]

[[package]]
name = "qiskit-qasm3-import"
version = "0.4.1"
description = "Importer for parsing OpenQASM 3 strings into Qiskit circuits"
optional = false
python-versions = "*"
files = [
    {file = "qiskit-qasm3-import-0.4.1.tar.gz", hash = "sha256:245101a955918e5c1f32784df833ee737e6a0c99832803205d3d17b214ba1193"},
    {file = "qiskit_qasm3_import-0.4.1-py3-none-any.whl", hash = "sha256:5b2d53316e496af181f9aa9760d0ead38c64b5fb6465baaacfef996b023bc1f2"},
]

[package.dependencies]
openqasm3 = {version = ">=0.4,<0.6", extras = ["parser"]}
qiskit = ">=0.37.0"

[[package]]
name = "rustworkx"
version = "0.14.1"
description = "A python graph library implemented in Rust"
optional = false
python-versions = ">=3.8"
files = [
    {file = "rustworkx-0.14.1-cp310-cp310-macosx_10_12_x86_64.whl", hash = "sha256:c612b9723f8d5236f6b88eba3f5cfeea45accc1f57436ed065a8251c25e4169b"},
    {file = "rustworkx-0.14.1-cp310-cp310-macosx_10_9_universal2.whl", hash = "sha256:13c88ad0ecb7f697642125a10d9296430bddf45827e0b81e964d8417a8e1d568"},
    {file = "rustworkx-0.14.1-cp310-cp310-macosx_11_0_arm64.whl", hash = "sha256:3b2f7cb51358a3fcba93a44e5a4416902875cbadc710fb644c27367b452f883a"},
    {file = "rustworkx-0.14.1-cp310-cp310-manylinux_2_12_i686.manylinux2010_i686.manylinux_2_17_i686.manylinux2014_i686.whl", hash = "sha256:c46d3033055c6f61444341513832b639e5d371eb98f4ea4364e877f349f68698"},
    {file = "rustworkx-0.14.1-cp310-cp310-manylinux_2_17_aarch64.manylinux2014_aarch64.whl", hash = "sha256:525552c4ca807b6bdeea10c4dd95791081bb8df859f48c2798925f270f565d8e"},
    {file = "rustworkx-0.14.1-cp310-cp310-manylinux_2_17_ppc64le.manylinux2014_ppc64le.whl", hash = "sha256:841c351f8cc40d9fb15120292132f034d4aaadfdb5be1c9e856876a2731099b8"},
    {file = "rustworkx-0.14.1-cp310-cp310-manylinux_2_17_s390x.manylinux2014_s390x.whl", hash = "sha256:f071abf97ac01f5fddf6a63eff7b2ba1ed0b3f645798e8fc9ddb0544212f3b45"},
    {file = "rustworkx-0.14.1-cp310-cp310-manylinux_2_17_x86_64.manylinux2014_x86_64.whl", hash = "sha256:461a02f7e72a344ab8f8bddf7f8b25262380cd333bb9fa6bbc237cbc1fa7f6eb"},
    {file = "rustworkx-0.14.1-cp310-cp310-musllinux_1_1_aarch64.whl", hash = "sha256:7c4a6980a6134662982b54d1e97556487f1d56f8a3c6afd3c51efb17e4547182"},
    {file = "rustworkx-0.14.1-cp310-cp310-musllinux_1_1_x86_64.whl", hash = "sha256:1a693567af0eeb6b8e43d15b0d069e29651cfb57fb5acca6e89bbf92b5fd20b8"},
    {file = "rustworkx-0.14.1-cp310-cp310-win32.whl", hash = "sha256:2327f3ca16bdab015675b805e22ef20b8db164269052f928038cd15b5e013001"},
    {file = "rustworkx-0.14.1-cp310-cp310-win_amd64.whl", hash = "sha256:72bd0421fbfb7fe58794f5753cc99906c7dddda9d44682ad25854ee831ecb55e"},
    {file = "rustworkx-0.14.1-cp311-cp311-macosx_10_12_x86_64.whl", hash = "sha256:d675bf6ce684fab98415768f19a20f62bfa8ba84ec8e84eca53976e910413cde"},
    {file = "rustworkx-0.14.1-cp311-cp311-macosx_10_9_universal2.whl", hash = "sha256:7abcd7756c25f9e4090534ac5ce29737c827d4fba5f86e854458aed730616d97"},
    {file = "rustworkx-0.14.1-cp311-cp311-macosx_11_0_arm64.whl", hash = "sha256:3c68458d0604efef18dbde527da76f4628db8d5dfb2986aa8f96913f7ab366e4"},
    {file = "rustworkx-0.14.1-cp311-cp311-manylinux_2_12_i686.manylinux2010_i686.manylinux_2_17_i686.manylinux2014_i686.whl", hash = "sha256:7429a1887aba1a51975a9729c4bbdef217501a4418666ab5128249140c0ac33b"},
    {file = "rustworkx-0.14.1-cp311-cp311-manylinux_2_17_aarch64.manylinux2014_aarch64.whl", hash = "sha256:4fb3b55cd6a811359714aaba34a0850aaf5c51ac9343becb3d160b6ec6e9b714"},
    {file = "rustworkx-0.14.1-cp311-cp311-manylinux_2_17_ppc64le.manylinux2014_ppc64le.whl", hash = "sha256:dc131a5d4c73e72d477b66536e549e1bb4ffb9420a3afbf439179e18b61a7629"},
    {file = "rustworkx-0.14.1-cp311-cp311-manylinux_2_17_s390x.manylinux2014_s390x.whl", hash = "sha256:99a714500d20c8712656b05f34b536d9a63670688a56c0ae2536a11d105cc892"},
    {file = "rustworkx-0.14.1-cp311-cp311-manylinux_2_17_x86_64.manylinux2014_x86_64.whl", hash = "sha256:ca330be994f131cb5f1a36ca01b4a57e9e65cbd393b9bccfb1aabe2949fe1524"},
    {file = "rustworkx-0.14.1-cp311-cp311-musllinux_1_1_aarch64.whl", hash = "sha256:e9e6150ab9eacae34aa61eafdb5cc5428d74026cdb2a1748c96ab9a4f66dc436"},
    {file = "rustworkx-0.14.1-cp311-cp311-musllinux_1_1_x86_64.whl", hash = "sha256:f6f2eadc381d56c9e18f4fdb4ac743d63314d806355bc51b19785ca82470f285"},
    {file = "rustworkx-0.14.1-cp311-cp311-win32.whl", hash = "sha256:016097662f3ead6bf97be2cbabf0a9a61f92fd84192cbb37ca730728ad35bb9f"},
    {file = "rustworkx-0.14.1-cp311-cp311-win_amd64.whl", hash = "sha256:463220b6faf9c57f1bf8e39ad60c3163d10c3266392b5540d6a0199dad9e998a"},
    {file = "rustworkx-0.14.1-cp312-cp312-macosx_10_12_x86_64.whl", hash = "sha256:eede1ef7cb9d317dc6cdabeeee8d7f9c3ff332729849ee7fb47a58983c8918f6"},
    {file = "rustworkx-0.14.1-cp312-cp312-macosx_10_9_universal2.whl", hash = "sha256:3063815f41de85a1579b1e26fd75ad37d42c922bdf37d77bfae2959ad1b3cb79"},
    {file = "rustworkx-0.14.1-cp312-cp312-macosx_11_0_arm64.whl", hash = "sha256:7dd896472795c1a434fe2a474e0e2c5c2b7eca4c59b743c87302c125e6b26e8a"},
    {file = "rustworkx-0.14.1-cp312-cp312-manylinux_2_12_i686.manylinux2010_i686.manylinux_2_17_i686.manylinux2014_i686.whl", hash = "sha256:0001476d9c8ee82aceecb4f6e827ed9c91e3f0e3c3abf42bf1adb97ecd79f9bb"},
    {file = "rustworkx-0.14.1-cp312-cp312-manylinux_2_17_aarch64.manylinux2014_aarch64.whl", hash = "sha256:c9b04bae32cfb73c2c047c662b0b074de8c59657be9c1fa2c512384d912cd3bd"},
    {file = "rustworkx-0.14.1-cp312-cp312-manylinux_2_17_ppc64le.manylinux2014_ppc64le.whl", hash = "sha256:0ec2cf5ac6878e0594df765e51e5e756abc0192870aac23bebf43b71eca3b1c1"},
    {file = "rustworkx-0.14.1-cp312-cp312-manylinux_2_17_s390x.manylinux2014_s390x.whl", hash = "sha256:21b7feccf87c3662c253fa26ad0159a8d1c33eb8f569297bf47f446b07644c7c"},
    {file = "rustworkx-0.14.1-cp312-cp312-manylinux_2_17_x86_64.manylinux2014_x86_64.whl", hash = "sha256:4921898e256e34a2a00e99d8d35dcadf08f10146a41e9c3e28977f45bd7a7131"},
    {file = "rustworkx-0.14.1-cp312-cp312-musllinux_1_1_aarch64.whl", hash = "sha256:90b996e5372316f77377949763718e6343c7dd772144d31903fec06ebd4f038f"},
    {file = "rustworkx-0.14.1-cp312-cp312-musllinux_1_1_x86_64.whl", hash = "sha256:5f5383da6a216374bffcfbab4321074d5db7cf6821d39bec33a5404a132b6e56"},
    {file = "rustworkx-0.14.1-cp312-cp312-win32.whl", hash = "sha256:faddf084e8dab5bb7c8c500b09d9d2c8fd411508a24af7a49dc9a79257c59619"},
    {file = "rustworkx-0.14.1-cp312-cp312-win_amd64.whl", hash = "sha256:97b18bbeb64664ffb92cd28121f6fb5e790f0ef0569d50cd6599f215d4e03cb0"},
    {file = "rustworkx-0.14.1-cp38-cp38-macosx_10_12_x86_64.whl", hash = "sha256:5c3d1ebc60f63f786e3b800453dbcd0e6b3f49fe9a26e9396e3e3328ee420025"},
    {file = "rustworkx-0.14.1-cp38-cp38-macosx_10_9_universal2.whl", hash = "sha256:b87dce71da23fe6df27932d73f12498c6c090de9f658a494cefb921dfea61f75"},
    {file = "rustworkx-0.14.1-cp38-cp38-macosx_11_0_arm64.whl", hash = "sha256:3a421c769ca90478f337869f9709d98c098f5183a62cc32ac66ec868f4e1d107"},
    {file = "rustworkx-0.14.1-cp38-cp38-manylinux_2_12_i686.manylinux2010_i686.manylinux_2_17_i686.manylinux2014_i686.whl", hash = "sha256:d2d93e5bd3a610ae66f8b822b5f05d2958aeb0b0b24005a96d5864448bce9ab9"},
    {file = "rustworkx-0.14.1-cp38-cp38-manylinux_2_17_aarch64.manylinux2014_aarch64.whl", hash = "sha256:46678bf5a3550bfa592ff7c43cac367842448c62b71c3beaa7f294ba290a42ad"},
    {file = "rustworkx-0.14.1-cp38-cp38-manylinux_2_17_ppc64le.manylinux2014_ppc64le.whl", hash = "sha256:4c0666dcc22aba46d0738f781d53cb7fd7373dab4d2d1bee610c95e5b13a23a3"},
    {file = "rustworkx-0.14.1-cp38-cp38-manylinux_2_17_s390x.manylinux2014_s390x.whl", hash = "sha256:63415718c6691656bb0f2adefffaa5637d9dfcd1745989eb151601cf2587ec25"},
    {file = "rustworkx-0.14.1-cp38-cp38-manylinux_2_17_x86_64.manylinux2014_x86_64.whl", hash = "sha256:43b6df7fa92df2b9803f003c409dde3b71ae4063dadb862eee40e021643ec6b1"},
    {file = "rustworkx-0.14.1-cp38-cp38-musllinux_1_1_aarch64.whl", hash = "sha256:c445013855a7f3da20a44a5af5fc7b49444168327d2bc2355a25addfe70b46ed"},
    {file = "rustworkx-0.14.1-cp38-cp38-musllinux_1_1_x86_64.whl", hash = "sha256:f4cca1c345e1b15debffe13ad0ee266a9303b0f59b133e1836a4baea4da1457c"},
    {file = "rustworkx-0.14.1-cp38-cp38-win32.whl", hash = "sha256:6b8cab7e63ee476299c3f63a866e11a5f92a7b2883f9887ac4ef782f0f2ead54"},
    {file = "rustworkx-0.14.1-cp38-cp38-win_amd64.whl", hash = "sha256:218d53f9b457d7735591242c3a625c32fd95584f20dc994bf080068f4ebe5e57"},
    {file = "rustworkx-0.14.1-cp39-cp39-macosx_10_12_x86_64.whl", hash = "sha256:51e4cfc2ee4294a425acab4b1eea64b167ccd17134198180e2caa3c935fa6ede"},
    {file = "rustworkx-0.14.1-cp39-cp39-macosx_10_9_universal2.whl", hash = "sha256:efcfd529f86cdb7258c589febb054be0cfc6f68f1f8a5111254d5f3f1ae6109a"},
    {file = "rustworkx-0.14.1-cp39-cp39-macosx_11_0_arm64.whl", hash = "sha256:8d97de574cb34a06c6b418b0433712b8cf35e0561edae629fdcaca38896dd937"},
    {file = "rustworkx-0.14.1-cp39-cp39-manylinux_2_12_i686.manylinux2010_i686.manylinux_2_17_i686.manylinux2014_i686.whl", hash = "sha256:f90399650364d56f66545aa56fce1870150b7967c530355512a849422a4fbd6b"},
    {file = "rustworkx-0.14.1-cp39-cp39-manylinux_2_17_aarch64.manylinux2014_aarch64.whl", hash = "sha256:f1d2489e0d323732fec7e5437ea6fb35e9b022e043e1180529f91991d52a494f"},
    {file = "rustworkx-0.14.1-cp39-cp39-manylinux_2_17_ppc64le.manylinux2014_ppc64le.whl", hash = "sha256:75c4b2acc629d953c2720ca8e44bed2103228150cca3313d4563174bb8f90c49"},
    {file = "rustworkx-0.14.1-cp39-cp39-manylinux_2_17_s390x.manylinux2014_s390x.whl", hash = "sha256:0c1f10df1c820d41b5e893c749362099986919f484d00efc17af60369312de62"},
    {file = "rustworkx-0.14.1-cp39-cp39-manylinux_2_17_x86_64.manylinux2014_x86_64.whl", hash = "sha256:f1f43182cf1340149dc96397fd72e0061ca2cd6d9181f9b9926f58b685343438"},
    {file = "rustworkx-0.14.1-cp39-cp39-musllinux_1_1_aarch64.whl", hash = "sha256:d6c414bd3b8231e6b56a51c15df36513e0b26d11ebb25fd043280bd3cc9393cf"},
    {file = "rustworkx-0.14.1-cp39-cp39-musllinux_1_1_x86_64.whl", hash = "sha256:09c1797222e7941b0a5eed293b344fd4d0d83baf0ab0f4482fb551f58724a439"},
    {file = "rustworkx-0.14.1-cp39-cp39-win32.whl", hash = "sha256:1dd5d0744ba5004b59d7184b2a60feb85c4060a513158523728beede76f2f37c"},
    {file = "rustworkx-0.14.1-cp39-cp39-win_amd64.whl", hash = "sha256:480b967d6eba90ecb53a84e21154b948b884c5dde742ca7391d2192b60f5ff96"},
    {file = "rustworkx-0.14.1.tar.gz", hash = "sha256:62104ecb0b3d4c2cfdb8b45dc38646bd45760c43fabc70ded9112712d01ea1c9"},
]

[package.dependencies]
numpy = ">=1.16.0,<2"

[package.extras]
all = ["matplotlib (>=3.0)", "pillow (>=5.4)"]
graphviz = ["pillow (>=5.4)"]
mpl = ["matplotlib (>=3.0)"]

[[package]]
name = "scipy"
version = "1.12.0"
description = "Fundamental algorithms for scientific computing in Python"
optional = false
python-versions = ">=3.9"
files = [
    {file = "scipy-1.12.0-cp310-cp310-macosx_10_9_x86_64.whl", hash = "sha256:78e4402e140879387187f7f25d91cc592b3501a2e51dfb320f48dfb73565f10b"},
    {file = "scipy-1.12.0-cp310-cp310-macosx_12_0_arm64.whl", hash = "sha256:f5f00ebaf8de24d14b8449981a2842d404152774c1a1d880c901bf454cb8e2a1"},
    {file = "scipy-1.12.0-cp310-cp310-manylinux_2_17_aarch64.manylinux2014_aarch64.whl", hash = "sha256:e53958531a7c695ff66c2e7bb7b79560ffdc562e2051644c5576c39ff8efb563"},
    {file = "scipy-1.12.0-cp310-cp310-manylinux_2_17_x86_64.manylinux2014_x86_64.whl", hash = "sha256:5e32847e08da8d895ce09d108a494d9eb78974cf6de23063f93306a3e419960c"},
    {file = "scipy-1.12.0-cp310-cp310-musllinux_1_1_x86_64.whl", hash = "sha256:4c1020cad92772bf44b8e4cdabc1df5d87376cb219742549ef69fc9fd86282dd"},
    {file = "scipy-1.12.0-cp310-cp310-win_amd64.whl", hash = "sha256:75ea2a144096b5e39402e2ff53a36fecfd3b960d786b7efd3c180e29c39e53f2"},
    {file = "scipy-1.12.0-cp311-cp311-macosx_10_9_x86_64.whl", hash = "sha256:408c68423f9de16cb9e602528be4ce0d6312b05001f3de61fe9ec8b1263cad08"},
    {file = "scipy-1.12.0-cp311-cp311-macosx_12_0_arm64.whl", hash = "sha256:5adfad5dbf0163397beb4aca679187d24aec085343755fcdbdeb32b3679f254c"},
    {file = "scipy-1.12.0-cp311-cp311-manylinux_2_17_aarch64.manylinux2014_aarch64.whl", hash = "sha256:c3003652496f6e7c387b1cf63f4bb720951cfa18907e998ea551e6de51a04467"},
    {file = "scipy-1.12.0-cp311-cp311-manylinux_2_17_x86_64.manylinux2014_x86_64.whl", hash = "sha256:8b8066bce124ee5531d12a74b617d9ac0ea59245246410e19bca549656d9a40a"},
    {file = "scipy-1.12.0-cp311-cp311-musllinux_1_1_x86_64.whl", hash = "sha256:8bee4993817e204d761dba10dbab0774ba5a8612e57e81319ea04d84945375ba"},
    {file = "scipy-1.12.0-cp311-cp311-win_amd64.whl", hash = "sha256:a24024d45ce9a675c1fb8494e8e5244efea1c7a09c60beb1eeb80373d0fecc70"},
    {file = "scipy-1.12.0-cp312-cp312-macosx_10_9_x86_64.whl", hash = "sha256:e7e76cc48638228212c747ada851ef355c2bb5e7f939e10952bc504c11f4e372"},
    {file = "scipy-1.12.0-cp312-cp312-macosx_12_0_arm64.whl", hash = "sha256:f7ce148dffcd64ade37b2df9315541f9adad6efcaa86866ee7dd5db0c8f041c3"},
    {file = "scipy-1.12.0-cp312-cp312-manylinux_2_17_aarch64.manylinux2014_aarch64.whl", hash = "sha256:9c39f92041f490422924dfdb782527a4abddf4707616e07b021de33467f917bc"},
    {file = "scipy-1.12.0-cp312-cp312-manylinux_2_17_x86_64.manylinux2014_x86_64.whl", hash = "sha256:a7ebda398f86e56178c2fa94cad15bf457a218a54a35c2a7b4490b9f9cb2676c"},
    {file = "scipy-1.12.0-cp312-cp312-musllinux_1_1_x86_64.whl", hash = "sha256:95e5c750d55cf518c398a8240571b0e0782c2d5a703250872f36eaf737751338"},
    {file = "scipy-1.12.0-cp312-cp312-win_amd64.whl", hash = "sha256:e646d8571804a304e1da01040d21577685ce8e2db08ac58e543eaca063453e1c"},
    {file = "scipy-1.12.0-cp39-cp39-macosx_10_9_x86_64.whl", hash = "sha256:913d6e7956c3a671de3b05ccb66b11bc293f56bfdef040583a7221d9e22a2e35"},
    {file = "scipy-1.12.0-cp39-cp39-macosx_12_0_arm64.whl", hash = "sha256:bba1b0c7256ad75401c73e4b3cf09d1f176e9bd4248f0d3112170fb2ec4db067"},
    {file = "scipy-1.12.0-cp39-cp39-manylinux_2_17_aarch64.manylinux2014_aarch64.whl", hash = "sha256:730badef9b827b368f351eacae2e82da414e13cf8bd5051b4bdfd720271a5371"},
    {file = "scipy-1.12.0-cp39-cp39-manylinux_2_17_x86_64.manylinux2014_x86_64.whl", hash = "sha256:6546dc2c11a9df6926afcbdd8a3edec28566e4e785b915e849348c6dd9f3f490"},
    {file = "scipy-1.12.0-cp39-cp39-musllinux_1_1_x86_64.whl", hash = "sha256:196ebad3a4882081f62a5bf4aeb7326aa34b110e533aab23e4374fcccb0890dc"},
    {file = "scipy-1.12.0-cp39-cp39-win_amd64.whl", hash = "sha256:b360f1b6b2f742781299514e99ff560d1fe9bd1bff2712894b52abe528d1fd1e"},
    {file = "scipy-1.12.0.tar.gz", hash = "sha256:4bf5abab8a36d20193c698b0f1fc282c1d083c94723902c447e5d2f1780936a3"},
]

[package.dependencies]
numpy = ">=1.22.4,<1.29.0"

[package.extras]
dev = ["click", "cython-lint (>=0.12.2)", "doit (>=0.36.0)", "mypy", "pycodestyle", "pydevtool", "rich-click", "ruff", "types-psutil", "typing_extensions"]
doc = ["jupytext", "matplotlib (>2)", "myst-nb", "numpydoc", "pooch", "pydata-sphinx-theme (==0.9.0)", "sphinx (!=4.1.0)", "sphinx-design (>=0.2.0)"]
test = ["asv", "gmpy2", "hypothesis", "mpmath", "pooch", "pytest", "pytest-cov", "pytest-timeout", "pytest-xdist", "scikit-umfpack", "threadpoolctl"]

[[package]]
name = "six"
version = "1.16.0"
description = "Python 2 and 3 compatibility utilities"
optional = false
python-versions = ">=2.7, !=3.0.*, !=3.1.*, !=3.2.*"
files = [
    {file = "six-1.16.0-py2.py3-none-any.whl", hash = "sha256:8abb2f1d86890a2dfb989f9a77cfcfd3e47c2a354b01111771326f8aa26e0254"},
    {file = "six-1.16.0.tar.gz", hash = "sha256:1e61c37477a1626458e36f7b1d82aa5c9b094fa4802892072e49de9c60c4c926"},
]

[[package]]
name = "stevedore"
version = "5.2.0"
description = "Manage dynamic plugins for Python applications"
optional = false
python-versions = ">=3.8"
files = [
    {file = "stevedore-5.2.0-py3-none-any.whl", hash = "sha256:1c15d95766ca0569cad14cb6272d4d31dae66b011a929d7c18219c176ea1b5c9"},
    {file = "stevedore-5.2.0.tar.gz", hash = "sha256:46b93ca40e1114cea93d738a6c1e365396981bb6bb78c27045b7587c9473544d"},
]

[package.dependencies]
pbr = ">=2.0.0,<2.1.0 || >2.1.0"

[[package]]
name = "symengine"
version = "0.11.0"
description = "Python library providing wrappers to SymEngine"
optional = false
python-versions = ">=3.8,<4"
files = [
    {file = "symengine-0.11.0-cp310-cp310-macosx_10_9_x86_64.whl", hash = "sha256:a5ab2281fe5b3cbe8fbe4411c4e2e4ce6788e4d653b5d31b002d05f4af13b7c7"},
    {file = "symengine-0.11.0-cp310-cp310-macosx_11_0_arm64.whl", hash = "sha256:1f0c83e91c90a0344fdb9f1d71970f09d4fad5715110c9651d6ebc9ac995f97e"},
    {file = "symengine-0.11.0-cp310-cp310-manylinux_2_12_x86_64.manylinux2010_x86_64.whl", hash = "sha256:94c3e143bad732f858f5a8740bda640e24b491aa8cea30b2a68517a552060c84"},
    {file = "symengine-0.11.0-cp310-cp310-manylinux_2_17_aarch64.manylinux2014_aarch64.whl", hash = "sha256:8994e8e9b7273ce48e045d2a97e88b034bb99566bb3d0dd2a2ff79f2dccd4765"},
    {file = "symengine-0.11.0-cp310-cp310-manylinux_2_17_ppc64le.manylinux2014_ppc64le.whl", hash = "sha256:36c96584b5f852990e09904bb890623666cdc0bb83c5758f00939b540fcb2dc9"},
    {file = "symengine-0.11.0-cp310-cp310-win_amd64.whl", hash = "sha256:fcfaf43781ae6e3e0b6b2f1da700e8ee6a0389426d3300925f4611323eb9b616"},
    {file = "symengine-0.11.0-cp311-cp311-macosx_10_9_x86_64.whl", hash = "sha256:292efdba67ce3465c99ff1e35338857d982583bbf505ae79f111f8f4fa670367"},
    {file = "symengine-0.11.0-cp311-cp311-macosx_11_0_arm64.whl", hash = "sha256:7e935e0f5274d1ab456f3ba75a03dea1ee8a422dbd4d5d4f316653310a177962"},
    {file = "symengine-0.11.0-cp311-cp311-manylinux_2_12_x86_64.manylinux2010_x86_64.whl", hash = "sha256:6f588199cb79b1c365005d52a3a8bc0967487dce5db77b864ee73735a5f4d2ec"},
    {file = "symengine-0.11.0-cp311-cp311-manylinux_2_17_aarch64.manylinux2014_aarch64.whl", hash = "sha256:bb419847f24944fd29e834a342c6d05577dd66b34942f65131d417d70c2e7926"},
    {file = "symengine-0.11.0-cp311-cp311-manylinux_2_17_ppc64le.manylinux2014_ppc64le.whl", hash = "sha256:10fe4f99d95dc222fd7c37217f80f06f15b9e9b78b951de3c5dc0648cbd1572e"},
    {file = "symengine-0.11.0-cp311-cp311-win_amd64.whl", hash = "sha256:468b42d2626495808b21cc3b73a162d43c757cc97e4549b1911ec40331d3d491"},
    {file = "symengine-0.11.0-cp312-cp312-macosx_10_9_x86_64.whl", hash = "sha256:07acd4ab7b147b913fdb62444ced626a9b66b9eefef5d3abfc4f65dccc411403"},
    {file = "symengine-0.11.0-cp312-cp312-macosx_11_0_arm64.whl", hash = "sha256:5fb1d62479c18cc00f025b53ba5f72a7bce92eabee9fec44256bb08d3c28d851"},
    {file = "symengine-0.11.0-cp312-cp312-manylinux_2_12_x86_64.manylinux2010_x86_64.whl", hash = "sha256:ccd28886f3eea78a1b9150b636ae40acf7d27ac79b4cc9161ec46f592e366a47"},
    {file = "symengine-0.11.0-cp312-cp312-manylinux_2_17_aarch64.manylinux2014_aarch64.whl", hash = "sha256:517fec27be3741f89e1eea92b9e2f0cdca70fcd77d3fd5c4f8e4f13e6f04e8e4"},
    {file = "symengine-0.11.0-cp312-cp312-manylinux_2_17_ppc64le.manylinux2014_ppc64le.whl", hash = "sha256:54c5bcca900ec3bc6a20c749957310d52132a815bb3fca614fd66a7881626814"},
    {file = "symengine-0.11.0-cp312-cp312-win_amd64.whl", hash = "sha256:6123f7e287cebeac9168e60eb6a9e9641f457617dbeee7b117fa7606fde84151"},
    {file = "symengine-0.11.0-cp38-cp38-macosx_10_9_x86_64.whl", hash = "sha256:116e1f644b3505608b55e745d71b80521b2e72042f421cb70c91dbe7c6710655"},
    {file = "symengine-0.11.0-cp38-cp38-macosx_11_0_arm64.whl", hash = "sha256:1c7913e264c95f44a52f181e4fff98afd9640651de149d0aee42d73b8b89860b"},
    {file = "symengine-0.11.0-cp38-cp38-manylinux_2_12_x86_64.manylinux2010_x86_64.whl", hash = "sha256:ce5e0c14e925fb3600d6955b07314e9981ed389240e437f5dd42f08f70a18af8"},
    {file = "symengine-0.11.0-cp38-cp38-manylinux_2_17_aarch64.manylinux2014_aarch64.whl", hash = "sha256:cc6323c43a703fefb0a50d42430e63a590c18b2955cfa8022cf7c0f6d0f32b86"},
    {file = "symengine-0.11.0-cp38-cp38-manylinux_2_17_ppc64le.manylinux2014_ppc64le.whl", hash = "sha256:86d20163ad6c266e67fb9ad27970c7939bc3d5627487c8f0dc24cd26b9028e3f"},
    {file = "symengine-0.11.0-cp38-cp38-win_amd64.whl", hash = "sha256:1f79feeeb1af286c29fb791537f243798229020a1ae6340b3d21eece3992783d"},
    {file = "symengine-0.11.0-cp39-cp39-macosx_10_9_x86_64.whl", hash = "sha256:a78f905944ea9b9ef97e1afb355de4972fe84ed4cceadfc84b01366ce1f50d5b"},
    {file = "symengine-0.11.0-cp39-cp39-macosx_11_0_arm64.whl", hash = "sha256:33d2dfea163b77b41fa4c56ade5c6ac4a91693502bc282ba2c645591ef94775d"},
    {file = "symengine-0.11.0-cp39-cp39-manylinux_2_12_x86_64.manylinux2010_x86_64.whl", hash = "sha256:2a4412da691328a8e6b0622067807ec61ea97b87dee8d94b1eea2fab2eab8d91"},
    {file = "symengine-0.11.0-cp39-cp39-manylinux_2_17_aarch64.manylinux2014_aarch64.whl", hash = "sha256:c42229ba2fbf70975ebebb0ca5114f4633ba4158246bd7ce14ba9cf4a19828f8"},
    {file = "symengine-0.11.0-cp39-cp39-manylinux_2_17_ppc64le.manylinux2014_ppc64le.whl", hash = "sha256:66def111281fed93da17afd0c787abca48f651078bd3f7987ee4bfb997e26a15"},
    {file = "symengine-0.11.0-cp39-cp39-win_amd64.whl", hash = "sha256:76b3fceb99d6967d207fbaa93a9cd477949093a63bdb4652cb3c601de85d5229"},
    {file = "symengine-0.11.0-pp39-pypy39_pp73-macosx_10_9_x86_64.whl", hash = "sha256:7cde52f8c3e8eaa1bf7347a20e50445206cfe058815c61a2a7b86701b1690133"},
    {file = "symengine-0.11.0-pp39-pypy39_pp73-manylinux_2_12_x86_64.manylinux2010_x86_64.whl", hash = "sha256:83da94f8487b54e391367d66cfdd268636811c4c660daa7b7e90ef9d7b659467"},
    {file = "symengine-0.11.0-pp39-pypy39_pp73-manylinux_2_17_aarch64.manylinux2014_aarch64.whl", hash = "sha256:11ae18741ee870ad897f4b1e45ad37587ab78c90a195083d87eb3db2ba66b12c"},
    {file = "symengine-0.11.0-pp39-pypy39_pp73-manylinux_2_17_ppc64le.manylinux2014_ppc64le.whl", hash = "sha256:cb8cc1314312af70b8a148611680f4cd91f8ef971c4fd4befa968cf7d6a2bd19"},
    {file = "symengine-0.11.0.tar.gz", hash = "sha256:0dd30d29b804ebb7251bddec29c38c3b1fc15ea6953a2c57ee758d5f6fcba458"},
]

[[package]]
name = "sympy"
version = "1.12"
description = "Computer algebra system (CAS) in Python"
optional = false
python-versions = ">=3.8"
files = [
    {file = "sympy-1.12-py3-none-any.whl", hash = "sha256:c3588cd4295d0c0f603d0f2ae780587e64e2efeedb3521e46b9bb1d08d184fa5"},
    {file = "sympy-1.12.tar.gz", hash = "sha256:ebf595c8dac3e0fdc4152c51878b498396ec7f30e7a914d6071e674d49420fb8"},
]

[package.dependencies]
mpmath = ">=0.19"

[[package]]
name = "typing-extensions"
version = "4.9.0"
description = "Backported and Experimental Type Hints for Python 3.8+"
optional = false
python-versions = ">=3.8"
files = [
    {file = "typing_extensions-4.9.0-py3-none-any.whl", hash = "sha256:af72aea155e91adfc61c3ae9e0e342dbc0cba726d6cba4b6c72c1f34e47291cd"},
    {file = "typing_extensions-4.9.0.tar.gz", hash = "sha256:23478f88c37f27d76ac8aee6c905017a143b0b1b886c3c9f66bc2fd94f9f5783"},
]

[metadata]
lock-version = "2.0"
python-versions = "^3.12"
content-hash = "a10206d0a40cc936d40552e36d290406e3356636d58c7abd7a313367439f9dfe"
