# This file is automatically @generated by Poetry 1.7.1 and should not be changed by hand.

[[package]]
name = "dill"
version = "0.3.8"
description = "serialize all of Python"
optional = false
python-versions = ">=3.8"
files = [
    {file = "dill-0.3.8-py3-none-any.whl", hash = "sha256:c36ca9ffb54365bdd2f8eb3eff7d2a21237f8452b57ace88b1ac615b7e815bd7"},
    {file = "dill-0.3.8.tar.gz", hash = "sha256:3ebe3c479ad625c4553aca177444d89b486b1d84982eeacded644afc0cf797ca"},
]

[package.extras]
graph = ["objgraph (>=1.7.2)"]
profile = ["gprof2dot (>=2022.7.29)"]

[[package]]
name = "mpmath"
version = "1.3.0"
description = "Python library for arbitrary-precision floating-point arithmetic"
optional = false
python-versions = "*"
files = [
    {file = "mpmath-1.3.0-py3-none-any.whl", hash = "sha256:a0b2b9fe80bbcd81a6647ff13108738cfb482d481d826cc0e02f5b35e5c88d2c"},
    {file = "mpmath-1.3.0.tar.gz", hash = "sha256:7a28eb2a9774d00c7bc92411c19a89209d5da7c4c9a9e227be8330a23a25b91f"},
]

[package.extras]
develop = ["codecov", "pycodestyle", "pytest (>=4.6)", "pytest-cov", "wheel"]
docs = ["sphinx"]
gmpy = ["gmpy2 (>=2.1.0a4)"]
tests = ["pytest (>=4.6)"]

[[package]]
name = "numpy"
version = "1.26.4"
description = "Fundamental package for array computing in Python"
optional = false
python-versions = ">=3.9"
files = [
    {file = "numpy-1.26.4-cp310-cp310-macosx_10_9_x86_64.whl", hash = "sha256:9ff0f4f29c51e2803569d7a51c2304de5554655a60c5d776e35b4a41413830d0"},
    {file = "numpy-1.26.4-cp310-cp310-macosx_11_0_arm64.whl", hash = "sha256:2e4ee3380d6de9c9ec04745830fd9e2eccb3e6cf790d39d7b98ffd19b0dd754a"},
    {file = "numpy-1.26.4-cp310-cp310-manylinux_2_17_aarch64.manylinux2014_aarch64.whl", hash = "sha256:d209d8969599b27ad20994c8e41936ee0964e6da07478d6c35016bc386b66ad4"},
    {file = "numpy-1.26.4-cp310-cp310-manylinux_2_17_x86_64.manylinux2014_x86_64.whl", hash = "sha256:ffa75af20b44f8dba823498024771d5ac50620e6915abac414251bd971b4529f"},
    {file = "numpy-1.26.4-cp310-cp310-musllinux_1_1_aarch64.whl", hash = "sha256:62b8e4b1e28009ef2846b4c7852046736bab361f7aeadeb6a5b89ebec3c7055a"},
    {file = "numpy-1.26.4-cp310-cp310-musllinux_1_1_x86_64.whl", hash = "sha256:a4abb4f9001ad2858e7ac189089c42178fcce737e4169dc61321660f1a96c7d2"},
    {file = "numpy-1.26.4-cp310-cp310-win32.whl", hash = "sha256:bfe25acf8b437eb2a8b2d49d443800a5f18508cd811fea3181723922a8a82b07"},
    {file = "numpy-1.26.4-cp310-cp310-win_amd64.whl", hash = "sha256:b97fe8060236edf3662adfc2c633f56a08ae30560c56310562cb4f95500022d5"},
    {file = "numpy-1.26.4-cp311-cp311-macosx_10_9_x86_64.whl", hash = "sha256:4c66707fabe114439db9068ee468c26bbdf909cac0fb58686a42a24de1760c71"},
    {file = "numpy-1.26.4-cp311-cp311-macosx_11_0_arm64.whl", hash = "sha256:edd8b5fe47dab091176d21bb6de568acdd906d1887a4584a15a9a96a1dca06ef"},
    {file = "numpy-1.26.4-cp311-cp311-manylinux_2_17_aarch64.manylinux2014_aarch64.whl", hash = "sha256:7ab55401287bfec946ced39700c053796e7cc0e3acbef09993a9ad2adba6ca6e"},
    {file = "numpy-1.26.4-cp311-cp311-manylinux_2_17_x86_64.manylinux2014_x86_64.whl", hash = "sha256:666dbfb6ec68962c033a450943ded891bed2d54e6755e35e5835d63f4f6931d5"},
    {file = "numpy-1.26.4-cp311-cp311-musllinux_1_1_aarch64.whl", hash = "sha256:96ff0b2ad353d8f990b63294c8986f1ec3cb19d749234014f4e7eb0112ceba5a"},
    {file = "numpy-1.26.4-cp311-cp311-musllinux_1_1_x86_64.whl", hash = "sha256:60dedbb91afcbfdc9bc0b1f3f402804070deed7392c23eb7a7f07fa857868e8a"},
    {file = "numpy-1.26.4-cp311-cp311-win32.whl", hash = "sha256:1af303d6b2210eb850fcf03064d364652b7120803a0b872f5211f5234b399f20"},
    {file = "numpy-1.26.4-cp311-cp311-win_amd64.whl", hash = "sha256:cd25bcecc4974d09257ffcd1f098ee778f7834c3ad767fe5db785be9a4aa9cb2"},
    {file = "numpy-1.26.4-cp312-cp312-macosx_10_9_x86_64.whl", hash = "sha256:b3ce300f3644fb06443ee2222c2201dd3a89ea6040541412b8fa189341847218"},
    {file = "numpy-1.26.4-cp312-cp312-macosx_11_0_arm64.whl", hash = "sha256:03a8c78d01d9781b28a6989f6fa1bb2c4f2d51201cf99d3dd875df6fbd96b23b"},
    {file = "numpy-1.26.4-cp312-cp312-manylinux_2_17_aarch64.manylinux2014_aarch64.whl", hash = "sha256:9fad7dcb1aac3c7f0584a5a8133e3a43eeb2fe127f47e3632d43d677c66c102b"},
    {file = "numpy-1.26.4-cp312-cp312-manylinux_2_17_x86_64.manylinux2014_x86_64.whl", hash = "sha256:675d61ffbfa78604709862923189bad94014bef562cc35cf61d3a07bba02a7ed"},
    {file = "numpy-1.26.4-cp312-cp312-musllinux_1_1_aarch64.whl", hash = "sha256:ab47dbe5cc8210f55aa58e4805fe224dac469cde56b9f731a4c098b91917159a"},
    {file = "numpy-1.26.4-cp312-cp312-musllinux_1_1_x86_64.whl", hash = "sha256:1dda2e7b4ec9dd512f84935c5f126c8bd8b9f2fc001e9f54af255e8c5f16b0e0"},
    {file = "numpy-1.26.4-cp312-cp312-win32.whl", hash = "sha256:50193e430acfc1346175fcbdaa28ffec49947a06918b7b92130744e81e640110"},
    {file = "numpy-1.26.4-cp312-cp312-win_amd64.whl", hash = "sha256:08beddf13648eb95f8d867350f6a018a4be2e5ad54c8d8caed89ebca558b2818"},
    {file = "numpy-1.26.4-cp39-cp39-macosx_10_9_x86_64.whl", hash = "sha256:7349ab0fa0c429c82442a27a9673fc802ffdb7c7775fad780226cb234965e53c"},
    {file = "numpy-1.26.4-cp39-cp39-macosx_11_0_arm64.whl", hash = "sha256:52b8b60467cd7dd1e9ed082188b4e6bb35aa5cdd01777621a1658910745b90be"},
    {file = "numpy-1.26.4-cp39-cp39-manylinux_2_17_aarch64.manylinux2014_aarch64.whl", hash = "sha256:d5241e0a80d808d70546c697135da2c613f30e28251ff8307eb72ba696945764"},
    {file = "numpy-1.26.4-cp39-cp39-manylinux_2_17_x86_64.manylinux2014_x86_64.whl", hash = "sha256:f870204a840a60da0b12273ef34f7051e98c3b5961b61b0c2c1be6dfd64fbcd3"},
    {file = "numpy-1.26.4-cp39-cp39-musllinux_1_1_aarch64.whl", hash = "sha256:679b0076f67ecc0138fd2ede3a8fd196dddc2ad3254069bcb9faf9a79b1cebcd"},
    {file = "numpy-1.26.4-cp39-cp39-musllinux_1_1_x86_64.whl", hash = "sha256:47711010ad8555514b434df65f7d7b076bb8261df1ca9bb78f53d3b2db02e95c"},
    {file = "numpy-1.26.4-cp39-cp39-win32.whl", hash = "sha256:a354325ee03388678242a4d7ebcd08b5c727033fcff3b2f536aea978e15ee9e6"},
    {file = "numpy-1.26.4-cp39-cp39-win_amd64.whl", hash = "sha256:3373d5d70a5fe74a2c1bb6d2cfd9609ecf686d47a2d7b1d37a8f3b6bf6003aea"},
    {file = "numpy-1.26.4-pp39-pypy39_pp73-macosx_10_9_x86_64.whl", hash = "sha256:afedb719a9dcfc7eaf2287b839d8198e06dcd4cb5d276a3df279231138e83d30"},
    {file = "numpy-1.26.4-pp39-pypy39_pp73-manylinux_2_17_x86_64.manylinux2014_x86_64.whl", hash = "sha256:95a7476c59002f2f6c590b9b7b998306fba6a5aa646b1e22ddfeaf8f78c3a29c"},
    {file = "numpy-1.26.4-pp39-pypy39_pp73-win_amd64.whl", hash = "sha256:7e50d0a0cc3189f9cb0aeb3a6a6af18c16f59f004b866cd2be1c14b36134a4a0"},
    {file = "numpy-1.26.4.tar.gz", hash = "sha256:2a02aba9ed12e4ac4eb3ea9421c420301a0c6460d9830d74a9df87efa4912010"},
]

[[package]]
name = "pbr"
version = "6.0.0"
description = "Python Build Reasonableness"
optional = false
python-versions = ">=2.6"
files = [
    {file = "pbr-6.0.0-py2.py3-none-any.whl", hash = "sha256:4a7317d5e3b17a3dccb6a8cfe67dab65b20551404c52c8ed41279fa4f0cb4cda"},
    {file = "pbr-6.0.0.tar.gz", hash = "sha256:d1377122a5a00e2f940ee482999518efe16d745d423a670c27773dfbc3c9a7d9"},
]

[[package]]
name = "ply"
version = "3.11"
description = "Python Lex & Yacc"
optional = false
python-versions = "*"
files = [
    {file = "ply-3.11-py2.py3-none-any.whl", hash = "sha256:096f9b8350b65ebd2fd1346b12452efe5b9607f7482813ffca50c22722a807ce"},
    {file = "ply-3.11.tar.gz", hash = "sha256:00c7c1aaa88358b9c765b6d3000c6eec0ba42abca5351b095321aef446081da3"},
]

[[package]]
name = "psutil"
version = "5.9.8"
description = "Cross-platform lib for process and system monitoring in Python."
optional = false
python-versions = ">=2.7, !=3.0.*, !=3.1.*, !=3.2.*, !=3.3.*, !=3.4.*, !=3.5.*"
files = [
    {file = "psutil-5.9.8-cp27-cp27m-macosx_10_9_x86_64.whl", hash = "sha256:26bd09967ae00920df88e0352a91cff1a78f8d69b3ecabbfe733610c0af486c8"},
    {file = "psutil-5.9.8-cp27-cp27m-manylinux2010_i686.whl", hash = "sha256:05806de88103b25903dff19bb6692bd2e714ccf9e668d050d144012055cbca73"},
    {file = "psutil-5.9.8-cp27-cp27m-manylinux2010_x86_64.whl", hash = "sha256:611052c4bc70432ec770d5d54f64206aa7203a101ec273a0cd82418c86503bb7"},
    {file = "psutil-5.9.8-cp27-cp27mu-manylinux2010_i686.whl", hash = "sha256:50187900d73c1381ba1454cf40308c2bf6f34268518b3f36a9b663ca87e65e36"},
    {file = "psutil-5.9.8-cp27-cp27mu-manylinux2010_x86_64.whl", hash = "sha256:02615ed8c5ea222323408ceba16c60e99c3f91639b07da6373fb7e6539abc56d"},
    {file = "psutil-5.9.8-cp27-none-win32.whl", hash = "sha256:36f435891adb138ed3c9e58c6af3e2e6ca9ac2f365efe1f9cfef2794e6c93b4e"},
    {file = "psutil-5.9.8-cp27-none-win_amd64.whl", hash = "sha256:bd1184ceb3f87651a67b2708d4c3338e9b10c5df903f2e3776b62303b26cb631"},
    {file = "psutil-5.9.8-cp36-abi3-macosx_10_9_x86_64.whl", hash = "sha256:aee678c8720623dc456fa20659af736241f575d79429a0e5e9cf88ae0605cc81"},
    {file = "psutil-5.9.8-cp36-abi3-manylinux_2_12_i686.manylinux2010_i686.manylinux_2_17_i686.manylinux2014_i686.whl", hash = "sha256:8cb6403ce6d8e047495a701dc7c5bd788add903f8986d523e3e20b98b733e421"},
    {file = "psutil-5.9.8-cp36-abi3-manylinux_2_12_x86_64.manylinux2010_x86_64.manylinux_2_17_x86_64.manylinux2014_x86_64.whl", hash = "sha256:d06016f7f8625a1825ba3732081d77c94589dca78b7a3fc072194851e88461a4"},
    {file = "psutil-5.9.8-cp36-cp36m-win32.whl", hash = "sha256:7d79560ad97af658a0f6adfef8b834b53f64746d45b403f225b85c5c2c140eee"},
    {file = "psutil-5.9.8-cp36-cp36m-win_amd64.whl", hash = "sha256:27cc40c3493bb10de1be4b3f07cae4c010ce715290a5be22b98493509c6299e2"},
    {file = "psutil-5.9.8-cp37-abi3-win32.whl", hash = "sha256:bc56c2a1b0d15aa3eaa5a60c9f3f8e3e565303b465dbf57a1b730e7a2b9844e0"},
    {file = "psutil-5.9.8-cp37-abi3-win_amd64.whl", hash = "sha256:8db4c1b57507eef143a15a6884ca10f7c73876cdf5d51e713151c1236a0e68cf"},
    {file = "psutil-5.9.8-cp38-abi3-macosx_11_0_arm64.whl", hash = "sha256:d16bbddf0693323b8c6123dd804100241da461e41d6e332fb0ba6058f630f8c8"},
    {file = "psutil-5.9.8.tar.gz", hash = "sha256:6be126e3225486dff286a8fb9a06246a5253f4c7c53b475ea5f5ac934e64194c"},
]

[package.extras]
test = ["enum34", "ipaddress", "mock", "pywin32", "wmi"]

[[package]]
name = "python-dateutil"
version = "2.8.2"
description = "Extensions to the standard Python datetime module"
optional = false
python-versions = "!=3.0.*,!=3.1.*,!=3.2.*,>=2.7"
files = [
    {file = "python-dateutil-2.8.2.tar.gz", hash = "sha256:0123cacc1627ae19ddf3c27a5de5bd67ee4586fbdd6440d9748f8abb483d3e86"},
    {file = "python_dateutil-2.8.2-py2.py3-none-any.whl", hash = "sha256:961d03dc3453ebbc59dbdea9e4e11c5651520a876d0f4db161e8674aae935da9"},
]

[package.dependencies]
six = ">=1.5"

[[package]]
name = "qiskit"
version = "0.46.0"
description = "Software for developing quantum computing programs"
optional = false
python-versions = ">=3.8"
files = [
    {file = "qiskit-0.46.0-py3-none-any.whl", hash = "sha256:2b035ecee8e5123ef12aca721ca2f86f3446534b5aa62fe5ffe1ae68ef468dcb"},
    {file = "qiskit-0.46.0.tar.gz", hash = "sha256:7adc208d5fb8d2181ea0cfb1cfe4d6b93ca60b8337918b424ed434e29676b83f"},
]

[package.dependencies]
qiskit-terra = "0.46.0"

[package.extras]
all = ["qiskit-terra[all]"]
crosstalk-pass = ["qiskit-terra[crosstalk-pass]"]
csp-layout-pass = ["qiskit-terra[csp-layout-pass]"]
qasm3-import = ["qiskit-terra[qasm3-import]"]
visualization = ["qiskit-terra[visualization]"]

[[package]]
name = "qiskit-terra"
version = "0.46.0"
description = "Software for developing quantum computing programs"
optional = false
python-versions = ">=3.8"
files = [
    {file = "qiskit-terra-0.46.0.tar.gz", hash = "sha256:49ba03cfe49b38b81a9e3144637bf036a82d38f97333f3871dee7b72a5f1f094"},
    {file = "qiskit_terra-0.46.0-cp38-abi3-macosx_10_9_universal2.whl", hash = "sha256:9acf56a9ff8e32977c8cbc1c3145854255437c2af16cbee665697933e50d4da0"},
    {file = "qiskit_terra-0.46.0-cp38-abi3-macosx_10_9_x86_64.whl", hash = "sha256:f28326b0a18f0b789ab22cc5d7b96c9aa4196d8ff096796a7a89da2bd095fdd6"},
    {file = "qiskit_terra-0.46.0-cp38-abi3-macosx_11_0_arm64.whl", hash = "sha256:c9aaea39f1d070000f91cf55a268cbaedebee62c6108bd8400abc0e4b8d13f3e"},
    {file = "qiskit_terra-0.46.0-cp38-abi3-manylinux_2_12_i686.manylinux2010_i686.manylinux_2_17_i686.manylinux2014_i686.whl", hash = "sha256:6470d356bc6ce60808041da6b215063df50be4e93cce809cb24baa2083e23ab6"},
    {file = "qiskit_terra-0.46.0-cp38-abi3-manylinux_2_17_aarch64.manylinux2014_aarch64.whl", hash = "sha256:000068cacc46c8272851f57e8bb1a5a6076c84f2588c15c20e0d1a3e0d509cee"},
    {file = "qiskit_terra-0.46.0-cp38-abi3-manylinux_2_17_ppc64le.manylinux2014_ppc64le.whl", hash = "sha256:47630b2df5c5b4378df94491fde74a347dbc5f6087b43a8d4aa6cdd37e52ea4d"},
    {file = "qiskit_terra-0.46.0-cp38-abi3-manylinux_2_17_s390x.manylinux2014_s390x.whl", hash = "sha256:83dae5482e62db3887d6f974fa50d5bc7b7393598338c66edbc4ec66535c610a"},
    {file = "qiskit_terra-0.46.0-cp38-abi3-manylinux_2_17_x86_64.manylinux2014_x86_64.whl", hash = "sha256:067b4a02a8c13ed4c9bbf04b1cc085c0493ee317ae5dc9516e83692e2711e884"},
    {file = "qiskit_terra-0.46.0-cp38-abi3-win32.whl", hash = "sha256:5bb4206c4499d6a9742763b5f63ebed53552fd95cec7ff444d79cffacf295dce"},
    {file = "qiskit_terra-0.46.0-cp38-abi3-win_amd64.whl", hash = "sha256:530431be2fdf3375e3ddfe4fe1ff53842ad936cd2f8522e561a4058246eaa218"},
]

[package.dependencies]
dill = ">=0.3"
numpy = ">=1.17,<2"
ply = ">=3.10"
psutil = ">=5"
python-dateutil = ">=2.8.0"
rustworkx = ">=0.13.0"
scipy = ">=1.5"
stevedore = ">=3.0.0"
symengine = {version = ">=0.11", markers = "platform_machine == \"x86_64\" or platform_machine == \"aarch64\" or platform_machine == \"ppc64le\" or platform_machine == \"amd64\" or platform_machine == \"arm64\""}
sympy = ">=1.3"

[package.extras]
all = ["ipywidgets (>=7.3.0)", "matplotlib (>=3.3)", "pillow (>=4.2.1)", "pydot", "pygments (>=2.4)", "pylatexenc (>=1.4)", "python-constraint (>=1.4)", "qiskit-qasm3-import (>=0.1.0)", "seaborn (>=0.9.0)", "z3-solver (>=4.7)"]
crosstalk-pass = ["z3-solver (>=4.7)"]
csp-layout-pass = ["python-constraint (>=1.4)"]
qasm3-import = ["qiskit-qasm3-import (>=0.1.0)"]
visualization = ["ipywidgets (>=7.3.0)", "matplotlib (>=3.3)", "pillow (>=4.2.1)", "pydot", "pygments (>=2.4)", "pylatexenc (>=1.4)", "seaborn (>=0.9.0)"]

[[package]]
name = "rustworkx"
version = "0.14.0"
description = "A python graph library implemented in Rust"
optional = false
python-versions = ">=3.8"
files = [
    {file = "rustworkx-0.14.0-cp310-cp310-macosx_10_12_x86_64.whl", hash = "sha256:a6a6310d4e5f42b0062beaa8f3a8784b5defa86f35e1c25b2c1425dc60ebfafe"},
    {file = "rustworkx-0.14.0-cp310-cp310-macosx_10_9_universal2.whl", hash = "sha256:2c14b9e530e695c31722acc792f090d85f4956b83dcc90a0dd01cf1ac802b14b"},
    {file = "rustworkx-0.14.0-cp310-cp310-macosx_11_0_arm64.whl", hash = "sha256:310e72f79f71c5cc0bfaee17dcb95b548477538d934d5c4189b3ca3bfcb0b7de"},
    {file = "rustworkx-0.14.0-cp310-cp310-manylinux_2_12_i686.manylinux2010_i686.manylinux_2_17_i686.manylinux2014_i686.whl", hash = "sha256:193f4e9538a5f297476f68ecbedb4f783290bc77d8c3837317e4acc711abc23e"},
    {file = "rustworkx-0.14.0-cp310-cp310-manylinux_2_17_aarch64.manylinux2014_aarch64.whl", hash = "sha256:6fd91e519a186bb3424e6e1d7274bf8fb881c0857d5061730f159064eb6d0713"},
    {file = "rustworkx-0.14.0-cp310-cp310-manylinux_2_17_s390x.manylinux2014_s390x.whl", hash = "sha256:a71f0566010157d03750770c8a26d57cbfe409ebb63adbbd98f5c0fde9dd17cd"},
    {file = "rustworkx-0.14.0-cp310-cp310-manylinux_2_17_x86_64.manylinux2014_x86_64.whl", hash = "sha256:5ddc3bd98d68e4c36e1a69854345fda8af93b996f318587486cda84dcd847488"},
    {file = "rustworkx-0.14.0-cp310-cp310-musllinux_1_1_aarch64.whl", hash = "sha256:b4c5692544e1486b6e42807fe506bf518f96d2e0eef1c510bc73bd9f996641c6"},
    {file = "rustworkx-0.14.0-cp310-cp310-musllinux_1_1_x86_64.whl", hash = "sha256:7a17453ea50f9dcbc0546c65734f6acf291877908bb90af94849763136f524de"},
    {file = "rustworkx-0.14.0-cp310-cp310-win32.whl", hash = "sha256:243289498e179d8a56eb6f36a1e050d663bc1d8bcd37bb46009cdb365c053d28"},
    {file = "rustworkx-0.14.0-cp310-cp310-win_amd64.whl", hash = "sha256:fb4c03d6a393f433c831de25261a3ff3b6d50d703573ce87792240b0891f45f2"},
    {file = "rustworkx-0.14.0-cp311-cp311-macosx_10_12_x86_64.whl", hash = "sha256:39fc9766080f2ac358d146ff891d088265335f72aca9d01040b8dea53b47ce9d"},
    {file = "rustworkx-0.14.0-cp311-cp311-macosx_10_9_universal2.whl", hash = "sha256:c37e8e3c57766887a0ee7293f5d39db4d15055fb41ee8fc1d03a430767a0acd0"},
    {file = "rustworkx-0.14.0-cp311-cp311-macosx_11_0_arm64.whl", hash = "sha256:3a49bce8d3697ea4681bcff9a2b92ea429fedb0457fcb204e780ca77e1349ef2"},
    {file = "rustworkx-0.14.0-cp311-cp311-manylinux_2_12_i686.manylinux2010_i686.manylinux_2_17_i686.manylinux2014_i686.whl", hash = "sha256:9a723827c9e3a42361b608b8335487511c0687170866e6f0153769075bd53c1c"},
    {file = "rustworkx-0.14.0-cp311-cp311-manylinux_2_17_aarch64.manylinux2014_aarch64.whl", hash = "sha256:a296ffa4eb5d5b2b21a4412cafea894dd5a03d22094a2779e55e0391dcf222dd"},
    {file = "rustworkx-0.14.0-cp311-cp311-manylinux_2_17_s390x.manylinux2014_s390x.whl", hash = "sha256:61cb8e53616695066dda1423e4154de671873f14c4e2f5f7b6ad8094b1eea550"},
    {file = "rustworkx-0.14.0-cp311-cp311-manylinux_2_17_x86_64.manylinux2014_x86_64.whl", hash = "sha256:fa130689c44c07c94bc3e40ea43a1ddd91a06e56f1f7163e98cf78cdccdf40cc"},
    {file = "rustworkx-0.14.0-cp311-cp311-musllinux_1_1_aarch64.whl", hash = "sha256:6140b7652925ffd9bafba9856ad4e5f7eb6bfe1005d30a006e495d15c6706868"},
    {file = "rustworkx-0.14.0-cp311-cp311-musllinux_1_1_x86_64.whl", hash = "sha256:629affd1077ec587089ec6d4a9c6a324970a3608b83593af61af1d7068c8a67b"},
    {file = "rustworkx-0.14.0-cp311-cp311-win32.whl", hash = "sha256:1cf4e2cf9e2b682690b9b406694952f73bde5519cef710bcb73a8880bd438d25"},
    {file = "rustworkx-0.14.0-cp311-cp311-win_amd64.whl", hash = "sha256:0c4ce5ffb5035bf518cc6f97ccb73a3ffde509e15a7381ff120bce535263adbd"},
    {file = "rustworkx-0.14.0-cp312-cp312-macosx_10_12_x86_64.whl", hash = "sha256:f4e6859a375c7889c08d8668c680686d8537f5cdd5747ecb782a6c24a280ec16"},
    {file = "rustworkx-0.14.0-cp312-cp312-macosx_10_9_universal2.whl", hash = "sha256:ab80a6111161ff2688b3b6f01e06ff1cca395043eb767b0bd6e6e2f4ac093216"},
    {file = "rustworkx-0.14.0-cp312-cp312-macosx_11_0_arm64.whl", hash = "sha256:655e31dff2decff75daa168c1b7b8381dec7af4c1f5ecf7766f5e0669b59036a"},
    {file = "rustworkx-0.14.0-cp312-cp312-manylinux_2_12_i686.manylinux2010_i686.manylinux_2_17_i686.manylinux2014_i686.whl", hash = "sha256:fc06aa5f46ff3c0e47936d46b77700b0abd4f7320b5440c7f43f6435491cc134"},
    {file = "rustworkx-0.14.0-cp312-cp312-manylinux_2_17_aarch64.manylinux2014_aarch64.whl", hash = "sha256:21c0a10cc299b9b02c71570204644eebcfb6162395ec4ea9860b94ad227407fc"},
    {file = "rustworkx-0.14.0-cp312-cp312-manylinux_2_17_s390x.manylinux2014_s390x.whl", hash = "sha256:e8629842bda66122d9b5162983de0940a232ccbb81bdd2dff90fd3ff203cc203"},
    {file = "rustworkx-0.14.0-cp312-cp312-manylinux_2_17_x86_64.manylinux2014_x86_64.whl", hash = "sha256:37faf40455c90c09dd1d04d9abea664916be812553c78bee28a178b51cb3f166"},
    {file = "rustworkx-0.14.0-cp312-cp312-musllinux_1_1_aarch64.whl", hash = "sha256:a3158116559b71b5a8b66ffb816c8fa3e13415e9727fda9bba0e79cd97752325"},
    {file = "rustworkx-0.14.0-cp312-cp312-musllinux_1_1_x86_64.whl", hash = "sha256:e1049d5d406f68d0b630a55958c24beb54a908ae6f9867495cf64a64ac519a53"},
    {file = "rustworkx-0.14.0-cp312-cp312-win32.whl", hash = "sha256:b6f946b8b9a396b2d64ff2f20adc2f65d14eca6d0f3b2e569b577e804bc5b371"},
    {file = "rustworkx-0.14.0-cp312-cp312-win_amd64.whl", hash = "sha256:a52aa6fa5aa2cb367b542180079adae1fc883621a4fbf3e783a271176aed1f1e"},
    {file = "rustworkx-0.14.0-cp38-cp38-macosx_10_12_x86_64.whl", hash = "sha256:fc1212d8dfb73b05e14a2563a5c8bebc76da5092ab40a43c6930670e31cf6753"},
    {file = "rustworkx-0.14.0-cp38-cp38-macosx_10_9_universal2.whl", hash = "sha256:49beadc6c7577447a8c51832cbb2f55c77d38ac44608e4fa35580cd4565370bb"},
    {file = "rustworkx-0.14.0-cp38-cp38-macosx_11_0_arm64.whl", hash = "sha256:910345204e3260bb97b6be1a4736148017224a6aa3f91b7488e2d603e8182746"},
    {file = "rustworkx-0.14.0-cp38-cp38-manylinux_2_12_i686.manylinux2010_i686.manylinux_2_17_i686.manylinux2014_i686.whl", hash = "sha256:4312ec3a0b3cc5569b153e926b3cc38c06d52ff6482253d0ae93a9f4d64e90c3"},
    {file = "rustworkx-0.14.0-cp38-cp38-manylinux_2_17_aarch64.manylinux2014_aarch64.whl", hash = "sha256:83fc2c3ec943a501494a05139c20f6428c588fdd77d35fb376336d4586489179"},
    {file = "rustworkx-0.14.0-cp38-cp38-manylinux_2_17_s390x.manylinux2014_s390x.whl", hash = "sha256:1432f49fae37771a09709015c7cf7c474aba091a0325bc2615968839194e1060"},
    {file = "rustworkx-0.14.0-cp38-cp38-manylinux_2_17_x86_64.manylinux2014_x86_64.whl", hash = "sha256:349408fab3a22c676d735363ead9cbc074bd5c7c9503a33e3b9b83b9394c0176"},
    {file = "rustworkx-0.14.0-cp38-cp38-musllinux_1_1_aarch64.whl", hash = "sha256:2c073a21e4e4af2de161523aa42cc567736fcf96b3d426a64f6a9586791c070c"},
    {file = "rustworkx-0.14.0-cp38-cp38-musllinux_1_1_x86_64.whl", hash = "sha256:018ed1aef2ff00ad96422b3faa4d9b5c7948420bc541556be56cef823a781458"},
    {file = "rustworkx-0.14.0-cp38-cp38-win32.whl", hash = "sha256:412c58a457ba89788266096f09bee28985f925ccec8b1d0c89343447f67f701a"},
    {file = "rustworkx-0.14.0-cp38-cp38-win_amd64.whl", hash = "sha256:390dd489997381ddba668a688d53623d6417a6e58915e453fc13c3a3c6d2f081"},
    {file = "rustworkx-0.14.0-cp39-cp39-macosx_10_12_x86_64.whl", hash = "sha256:b5a981e85cf6c48ce97765385cc3729e65cb6328d9164eff9e1a1555037e51c0"},
    {file = "rustworkx-0.14.0-cp39-cp39-macosx_10_9_universal2.whl", hash = "sha256:b2b1d33dd66fc03472fcad5350d3b5de5ee91ed73781c426aa4ab6d36fac9ead"},
    {file = "rustworkx-0.14.0-cp39-cp39-macosx_11_0_arm64.whl", hash = "sha256:71939b3f2ededd8579b554584517002410a5712a16c68fae2fae1b0dd66ba9dc"},
    {file = "rustworkx-0.14.0-cp39-cp39-manylinux_2_12_i686.manylinux2010_i686.manylinux_2_17_i686.manylinux2014_i686.whl", hash = "sha256:ac0825a559485b0b17dbed4a93baf075f505d49bcaac6a33f2ec62b15557e654"},
    {file = "rustworkx-0.14.0-cp39-cp39-manylinux_2_17_aarch64.manylinux2014_aarch64.whl", hash = "sha256:4c6cfa4316324bb0665f7fd74302248e9f2f9c75e2ed5bd913504dc63ae05295"},
    {file = "rustworkx-0.14.0-cp39-cp39-manylinux_2_17_s390x.manylinux2014_s390x.whl", hash = "sha256:feacd60e25e9978df0916af6cdd6ebead6fd915368d8da3ee24ea7380f9a49b3"},
    {file = "rustworkx-0.14.0-cp39-cp39-manylinux_2_17_x86_64.manylinux2014_x86_64.whl", hash = "sha256:1c2ddd4c2037ab43b11166d71ce245b187cd20d5504b801997140562561f019e"},
    {file = "rustworkx-0.14.0-cp39-cp39-musllinux_1_1_aarch64.whl", hash = "sha256:c70f57923553cf594dfe261b089fd1fba1a07638f2a33a1a622fcd29dd017503"},
    {file = "rustworkx-0.14.0-cp39-cp39-musllinux_1_1_x86_64.whl", hash = "sha256:c5bf77a3f5de703d794c3b51ed2d043ae92e270bb06d9e181cc5e6f1523f583d"},
    {file = "rustworkx-0.14.0-cp39-cp39-win32.whl", hash = "sha256:6052e8bf0b1332cbc86b689471a70eb28a5650a1dada80743d83f56b0d44f18c"},
    {file = "rustworkx-0.14.0-cp39-cp39-win_amd64.whl", hash = "sha256:cf4e6d96f838b17948e397cfa6513a7582e7dda9805faf9d00bcc38759c8cfd7"},
    {file = "rustworkx-0.14.0.tar.gz", hash = "sha256:d630e3dd2984bb3dfa1cc9af5d960c3b970a5c0512551d8340996e9e61e2ca44"},
]

[package.dependencies]
numpy = ">=1.16.0,<2"

[package.extras]
all = ["matplotlib (>=3.0)", "pillow (>=5.4)"]
graphviz = ["pillow (>=5.4)"]
mpl = ["matplotlib (>=3.0)"]

[[package]]
name = "scipy"
version = "1.12.0"
description = "Fundamental algorithms for scientific computing in Python"
optional = false
python-versions = ">=3.9"
files = [
    {file = "scipy-1.12.0-cp310-cp310-macosx_10_9_x86_64.whl", hash = "sha256:78e4402e140879387187f7f25d91cc592b3501a2e51dfb320f48dfb73565f10b"},
    {file = "scipy-1.12.0-cp310-cp310-macosx_12_0_arm64.whl", hash = "sha256:f5f00ebaf8de24d14b8449981a2842d404152774c1a1d880c901bf454cb8e2a1"},
    {file = "scipy-1.12.0-cp310-cp310-manylinux_2_17_aarch64.manylinux2014_aarch64.whl", hash = "sha256:e53958531a7c695ff66c2e7bb7b79560ffdc562e2051644c5576c39ff8efb563"},
    {file = "scipy-1.12.0-cp310-cp310-manylinux_2_17_x86_64.manylinux2014_x86_64.whl", hash = "sha256:5e32847e08da8d895ce09d108a494d9eb78974cf6de23063f93306a3e419960c"},
    {file = "scipy-1.12.0-cp310-cp310-musllinux_1_1_x86_64.whl", hash = "sha256:4c1020cad92772bf44b8e4cdabc1df5d87376cb219742549ef69fc9fd86282dd"},
    {file = "scipy-1.12.0-cp310-cp310-win_amd64.whl", hash = "sha256:75ea2a144096b5e39402e2ff53a36fecfd3b960d786b7efd3c180e29c39e53f2"},
    {file = "scipy-1.12.0-cp311-cp311-macosx_10_9_x86_64.whl", hash = "sha256:408c68423f9de16cb9e602528be4ce0d6312b05001f3de61fe9ec8b1263cad08"},
    {file = "scipy-1.12.0-cp311-cp311-macosx_12_0_arm64.whl", hash = "sha256:5adfad5dbf0163397beb4aca679187d24aec085343755fcdbdeb32b3679f254c"},
    {file = "scipy-1.12.0-cp311-cp311-manylinux_2_17_aarch64.manylinux2014_aarch64.whl", hash = "sha256:c3003652496f6e7c387b1cf63f4bb720951cfa18907e998ea551e6de51a04467"},
    {file = "scipy-1.12.0-cp311-cp311-manylinux_2_17_x86_64.manylinux2014_x86_64.whl", hash = "sha256:8b8066bce124ee5531d12a74b617d9ac0ea59245246410e19bca549656d9a40a"},
    {file = "scipy-1.12.0-cp311-cp311-musllinux_1_1_x86_64.whl", hash = "sha256:8bee4993817e204d761dba10dbab0774ba5a8612e57e81319ea04d84945375ba"},
    {file = "scipy-1.12.0-cp311-cp311-win_amd64.whl", hash = "sha256:a24024d45ce9a675c1fb8494e8e5244efea1c7a09c60beb1eeb80373d0fecc70"},
    {file = "scipy-1.12.0-cp312-cp312-macosx_10_9_x86_64.whl", hash = "sha256:e7e76cc48638228212c747ada851ef355c2bb5e7f939e10952bc504c11f4e372"},
    {file = "scipy-1.12.0-cp312-cp312-macosx_12_0_arm64.whl", hash = "sha256:f7ce148dffcd64ade37b2df9315541f9adad6efcaa86866ee7dd5db0c8f041c3"},
    {file = "scipy-1.12.0-cp312-cp312-manylinux_2_17_aarch64.manylinux2014_aarch64.whl", hash = "sha256:9c39f92041f490422924dfdb782527a4abddf4707616e07b021de33467f917bc"},
    {file = "scipy-1.12.0-cp312-cp312-manylinux_2_17_x86_64.manylinux2014_x86_64.whl", hash = "sha256:a7ebda398f86e56178c2fa94cad15bf457a218a54a35c2a7b4490b9f9cb2676c"},
    {file = "scipy-1.12.0-cp312-cp312-musllinux_1_1_x86_64.whl", hash = "sha256:95e5c750d55cf518c398a8240571b0e0782c2d5a703250872f36eaf737751338"},
    {file = "scipy-1.12.0-cp312-cp312-win_amd64.whl", hash = "sha256:e646d8571804a304e1da01040d21577685ce8e2db08ac58e543eaca063453e1c"},
    {file = "scipy-1.12.0-cp39-cp39-macosx_10_9_x86_64.whl", hash = "sha256:913d6e7956c3a671de3b05ccb66b11bc293f56bfdef040583a7221d9e22a2e35"},
    {file = "scipy-1.12.0-cp39-cp39-macosx_12_0_arm64.whl", hash = "sha256:bba1b0c7256ad75401c73e4b3cf09d1f176e9bd4248f0d3112170fb2ec4db067"},
    {file = "scipy-1.12.0-cp39-cp39-manylinux_2_17_aarch64.manylinux2014_aarch64.whl", hash = "sha256:730badef9b827b368f351eacae2e82da414e13cf8bd5051b4bdfd720271a5371"},
    {file = "scipy-1.12.0-cp39-cp39-manylinux_2_17_x86_64.manylinux2014_x86_64.whl", hash = "sha256:6546dc2c11a9df6926afcbdd8a3edec28566e4e785b915e849348c6dd9f3f490"},
    {file = "scipy-1.12.0-cp39-cp39-musllinux_1_1_x86_64.whl", hash = "sha256:196ebad3a4882081f62a5bf4aeb7326aa34b110e533aab23e4374fcccb0890dc"},
    {file = "scipy-1.12.0-cp39-cp39-win_amd64.whl", hash = "sha256:b360f1b6b2f742781299514e99ff560d1fe9bd1bff2712894b52abe528d1fd1e"},
    {file = "scipy-1.12.0.tar.gz", hash = "sha256:4bf5abab8a36d20193c698b0f1fc282c1d083c94723902c447e5d2f1780936a3"},
]

[package.dependencies]
numpy = ">=1.22.4,<1.29.0"

[package.extras]
dev = ["click", "cython-lint (>=0.12.2)", "doit (>=0.36.0)", "mypy", "pycodestyle", "pydevtool", "rich-click", "ruff", "types-psutil", "typing_extensions"]
doc = ["jupytext", "matplotlib (>2)", "myst-nb", "numpydoc", "pooch", "pydata-sphinx-theme (==0.9.0)", "sphinx (!=4.1.0)", "sphinx-design (>=0.2.0)"]
test = ["asv", "gmpy2", "hypothesis", "mpmath", "pooch", "pytest", "pytest-cov", "pytest-timeout", "pytest-xdist", "scikit-umfpack", "threadpoolctl"]

[[package]]
name = "six"
version = "1.16.0"
description = "Python 2 and 3 compatibility utilities"
optional = false
python-versions = ">=2.7, !=3.0.*, !=3.1.*, !=3.2.*"
files = [
    {file = "six-1.16.0-py2.py3-none-any.whl", hash = "sha256:8abb2f1d86890a2dfb989f9a77cfcfd3e47c2a354b01111771326f8aa26e0254"},
    {file = "six-1.16.0.tar.gz", hash = "sha256:1e61c37477a1626458e36f7b1d82aa5c9b094fa4802892072e49de9c60c4c926"},
]

[[package]]
name = "stevedore"
version = "5.1.0"
description = "Manage dynamic plugins for Python applications"
optional = false
python-versions = ">=3.8"
files = [
    {file = "stevedore-5.1.0-py3-none-any.whl", hash = "sha256:8cc040628f3cea5d7128f2e76cf486b2251a4e543c7b938f58d9a377f6694a2d"},
    {file = "stevedore-5.1.0.tar.gz", hash = "sha256:a54534acf9b89bc7ed264807013b505bf07f74dbe4bcfa37d32bd063870b087c"},
]

[package.dependencies]
pbr = ">=2.0.0,<2.1.0 || >2.1.0"

[[package]]
name = "symengine"
version = "0.11.0"
description = "Python library providing wrappers to SymEngine"
optional = false
python-versions = ">=3.8,<4"
files = [
    {file = "symengine-0.11.0-cp310-cp310-macosx_10_9_x86_64.whl", hash = "sha256:a5ab2281fe5b3cbe8fbe4411c4e2e4ce6788e4d653b5d31b002d05f4af13b7c7"},
    {file = "symengine-0.11.0-cp310-cp310-macosx_11_0_arm64.whl", hash = "sha256:1f0c83e91c90a0344fdb9f1d71970f09d4fad5715110c9651d6ebc9ac995f97e"},
    {file = "symengine-0.11.0-cp310-cp310-manylinux_2_12_x86_64.manylinux2010_x86_64.whl", hash = "sha256:94c3e143bad732f858f5a8740bda640e24b491aa8cea30b2a68517a552060c84"},
    {file = "symengine-0.11.0-cp310-cp310-manylinux_2_17_aarch64.manylinux2014_aarch64.whl", hash = "sha256:8994e8e9b7273ce48e045d2a97e88b034bb99566bb3d0dd2a2ff79f2dccd4765"},
    {file = "symengine-0.11.0-cp310-cp310-manylinux_2_17_ppc64le.manylinux2014_ppc64le.whl", hash = "sha256:36c96584b5f852990e09904bb890623666cdc0bb83c5758f00939b540fcb2dc9"},
    {file = "symengine-0.11.0-cp310-cp310-win_amd64.whl", hash = "sha256:fcfaf43781ae6e3e0b6b2f1da700e8ee6a0389426d3300925f4611323eb9b616"},
    {file = "symengine-0.11.0-cp311-cp311-macosx_10_9_x86_64.whl", hash = "sha256:292efdba67ce3465c99ff1e35338857d982583bbf505ae79f111f8f4fa670367"},
    {file = "symengine-0.11.0-cp311-cp311-macosx_11_0_arm64.whl", hash = "sha256:7e935e0f5274d1ab456f3ba75a03dea1ee8a422dbd4d5d4f316653310a177962"},
    {file = "symengine-0.11.0-cp311-cp311-manylinux_2_12_x86_64.manylinux2010_x86_64.whl", hash = "sha256:6f588199cb79b1c365005d52a3a8bc0967487dce5db77b864ee73735a5f4d2ec"},
    {file = "symengine-0.11.0-cp311-cp311-manylinux_2_17_aarch64.manylinux2014_aarch64.whl", hash = "sha256:bb419847f24944fd29e834a342c6d05577dd66b34942f65131d417d70c2e7926"},
    {file = "symengine-0.11.0-cp311-cp311-manylinux_2_17_ppc64le.manylinux2014_ppc64le.whl", hash = "sha256:10fe4f99d95dc222fd7c37217f80f06f15b9e9b78b951de3c5dc0648cbd1572e"},
    {file = "symengine-0.11.0-cp311-cp311-win_amd64.whl", hash = "sha256:468b42d2626495808b21cc3b73a162d43c757cc97e4549b1911ec40331d3d491"},
    {file = "symengine-0.11.0-cp312-cp312-macosx_10_9_x86_64.whl", hash = "sha256:07acd4ab7b147b913fdb62444ced626a9b66b9eefef5d3abfc4f65dccc411403"},
    {file = "symengine-0.11.0-cp312-cp312-macosx_11_0_arm64.whl", hash = "sha256:5fb1d62479c18cc00f025b53ba5f72a7bce92eabee9fec44256bb08d3c28d851"},
    {file = "symengine-0.11.0-cp312-cp312-manylinux_2_12_x86_64.manylinux2010_x86_64.whl", hash = "sha256:ccd28886f3eea78a1b9150b636ae40acf7d27ac79b4cc9161ec46f592e366a47"},
    {file = "symengine-0.11.0-cp312-cp312-manylinux_2_17_aarch64.manylinux2014_aarch64.whl", hash = "sha256:517fec27be3741f89e1eea92b9e2f0cdca70fcd77d3fd5c4f8e4f13e6f04e8e4"},
    {file = "symengine-0.11.0-cp312-cp312-manylinux_2_17_ppc64le.manylinux2014_ppc64le.whl", hash = "sha256:54c5bcca900ec3bc6a20c749957310d52132a815bb3fca614fd66a7881626814"},
    {file = "symengine-0.11.0-cp312-cp312-win_amd64.whl", hash = "sha256:6123f7e287cebeac9168e60eb6a9e9641f457617dbeee7b117fa7606fde84151"},
    {file = "symengine-0.11.0-cp38-cp38-macosx_10_9_x86_64.whl", hash = "sha256:116e1f644b3505608b55e745d71b80521b2e72042f421cb70c91dbe7c6710655"},
    {file = "symengine-0.11.0-cp38-cp38-macosx_11_0_arm64.whl", hash = "sha256:1c7913e264c95f44a52f181e4fff98afd9640651de149d0aee42d73b8b89860b"},
    {file = "symengine-0.11.0-cp38-cp38-manylinux_2_12_x86_64.manylinux2010_x86_64.whl", hash = "sha256:ce5e0c14e925fb3600d6955b07314e9981ed389240e437f5dd42f08f70a18af8"},
    {file = "symengine-0.11.0-cp38-cp38-manylinux_2_17_aarch64.manylinux2014_aarch64.whl", hash = "sha256:cc6323c43a703fefb0a50d42430e63a590c18b2955cfa8022cf7c0f6d0f32b86"},
    {file = "symengine-0.11.0-cp38-cp38-manylinux_2_17_ppc64le.manylinux2014_ppc64le.whl", hash = "sha256:86d20163ad6c266e67fb9ad27970c7939bc3d5627487c8f0dc24cd26b9028e3f"},
    {file = "symengine-0.11.0-cp38-cp38-win_amd64.whl", hash = "sha256:1f79feeeb1af286c29fb791537f243798229020a1ae6340b3d21eece3992783d"},
    {file = "symengine-0.11.0-cp39-cp39-macosx_10_9_x86_64.whl", hash = "sha256:a78f905944ea9b9ef97e1afb355de4972fe84ed4cceadfc84b01366ce1f50d5b"},
    {file = "symengine-0.11.0-cp39-cp39-macosx_11_0_arm64.whl", hash = "sha256:33d2dfea163b77b41fa4c56ade5c6ac4a91693502bc282ba2c645591ef94775d"},
    {file = "symengine-0.11.0-cp39-cp39-manylinux_2_12_x86_64.manylinux2010_x86_64.whl", hash = "sha256:2a4412da691328a8e6b0622067807ec61ea97b87dee8d94b1eea2fab2eab8d91"},
    {file = "symengine-0.11.0-cp39-cp39-manylinux_2_17_aarch64.manylinux2014_aarch64.whl", hash = "sha256:c42229ba2fbf70975ebebb0ca5114f4633ba4158246bd7ce14ba9cf4a19828f8"},
    {file = "symengine-0.11.0-cp39-cp39-manylinux_2_17_ppc64le.manylinux2014_ppc64le.whl", hash = "sha256:66def111281fed93da17afd0c787abca48f651078bd3f7987ee4bfb997e26a15"},
    {file = "symengine-0.11.0-cp39-cp39-win_amd64.whl", hash = "sha256:76b3fceb99d6967d207fbaa93a9cd477949093a63bdb4652cb3c601de85d5229"},
    {file = "symengine-0.11.0-pp39-pypy39_pp73-macosx_10_9_x86_64.whl", hash = "sha256:7cde52f8c3e8eaa1bf7347a20e50445206cfe058815c61a2a7b86701b1690133"},
    {file = "symengine-0.11.0-pp39-pypy39_pp73-manylinux_2_12_x86_64.manylinux2010_x86_64.whl", hash = "sha256:83da94f8487b54e391367d66cfdd268636811c4c660daa7b7e90ef9d7b659467"},
    {file = "symengine-0.11.0-pp39-pypy39_pp73-manylinux_2_17_aarch64.manylinux2014_aarch64.whl", hash = "sha256:11ae18741ee870ad897f4b1e45ad37587ab78c90a195083d87eb3db2ba66b12c"},
    {file = "symengine-0.11.0-pp39-pypy39_pp73-manylinux_2_17_ppc64le.manylinux2014_ppc64le.whl", hash = "sha256:cb8cc1314312af70b8a148611680f4cd91f8ef971c4fd4befa968cf7d6a2bd19"},
    {file = "symengine-0.11.0.tar.gz", hash = "sha256:0dd30d29b804ebb7251bddec29c38c3b1fc15ea6953a2c57ee758d5f6fcba458"},
]

[[package]]
name = "sympy"
version = "1.12"
description = "Computer algebra system (CAS) in Python"
optional = false
python-versions = ">=3.8"
files = [
    {file = "sympy-1.12-py3-none-any.whl", hash = "sha256:c3588cd4295d0c0f603d0f2ae780587e64e2efeedb3521e46b9bb1d08d184fa5"},
    {file = "sympy-1.12.tar.gz", hash = "sha256:ebf595c8dac3e0fdc4152c51878b498396ec7f30e7a914d6071e674d49420fb8"},
]

[package.dependencies]
mpmath = ">=0.19"

[metadata]
lock-version = "2.0"
python-versions = "^3.12"
content-hash = "2f44d8430926f2babff55d061f2ebf736bce9ae252cd1ca35081617ddc1cc55f"
